
Microsoft Visual Studio Solution File, Format Version 12.00
# Visual Studio Version 17
VisualStudioVersion = 17.3.32929.385
MinimumVisualStudioVersion = 15.0.26124.0
Project("{9A19103F-16F7-4668-BE54-9A1E7A4F7556}") = "LibreLancer.ImageLib", "src\LibreLancer.ImageLib\LibreLancer.ImageLib.csproj", "{C5A7F58E-2B72-4D74-BA5B-F9C06534AA67}"
EndProject
Project("{9A19103F-16F7-4668-BE54-9A1E7A4F7556}") = "lancer", "src\lancer\lancer.csproj", "{F25C3752-0AB4-45CA-90DA-EFD276C4322A}"
EndProject
Project("{9A19103F-16F7-4668-BE54-9A1E7A4F7556}") = "LibreLancer.Data", "src\LibreLancer.Data\LibreLancer.Data.csproj", "{9B0FD3DC-41D9-4018-AEB3-FC775B3514BE}"
EndProject
Project("{9A19103F-16F7-4668-BE54-9A1E7A4F7556}") = "LibreLancer", "src\LibreLancer\LibreLancer.csproj", "{1C9FCC8A-5D11-4772-A9F5-D2471C9B9EA8}"
EndProject
Project("{9A19103F-16F7-4668-BE54-9A1E7A4F7556}") = "LibreLancer.Physics", "src\LibreLancer.Physics\LibreLancer.Physics.csproj", "{120C3A6A-4871-4847-BC65-CE4B1F64833A}"
EndProject
Project("{9A19103F-16F7-4668-BE54-9A1E7A4F7556}") = "LibreLancer.Base", "src\LibreLancer.Base\LibreLancer.Base.csproj", "{1B3ADA80-AD52-4503-91CC-272F7057EDE0}"
EndProject
Project("{2150E333-8FDC-42A3-9474-1A3956D46DE8}") = "Editor", "Editor", "{0DD85B53-3CB2-448A-AF08-7E2CEE69746E}"
EndProject
Project("{9A19103F-16F7-4668-BE54-9A1E7A4F7556}") = "InterfaceEdit", "src\Editor\InterfaceEdit\InterfaceEdit.csproj", "{2D55D94D-D39A-446D-BB2E-B2E3F2F6C585}"
EndProject
Project("{9A19103F-16F7-4668-BE54-9A1E7A4F7556}") = "LibreLancer.ImUI", "src\Editor\LibreLancer.ImUI\LibreLancer.ImUI.csproj", "{DEFD315F-030C-438F-B797-6ACF9615E726}"
EndProject
Project("{9A19103F-16F7-4668-BE54-9A1E7A4F7556}") = "LancerEdit", "src\Editor\LancerEdit\LancerEdit.csproj", "{079429EC-F982-4954-B4DD-AD99160F3437}"
EndProject
Project("{9A19103F-16F7-4668-BE54-9A1E7A4F7556}") = "LibreLancer.Media", "src\LibreLancer.Media\LibreLancer.Media.csproj", "{1DABA0C8-4F3C-4CB5-863C-A1D38505F9A7}"
EndProject
Project("{9A19103F-16F7-4668-BE54-9A1E7A4F7556}") = "LibreLancer.Thorn", "src\LibreLancer.Thorn\LibreLancer.Thorn.csproj", "{D1EC308E-F0C7-4A2D-9464-B4C7EAE0E167}"
EndProject
Project("{9A19103F-16F7-4668-BE54-9A1E7A4F7556}") = "LLServer", "src\LLServer\LLServer.csproj", "{FDC20255-07A5-4F6B-9B32-151D8D053A11}"
EndProject
Project("{9A19103F-16F7-4668-BE54-9A1E7A4F7556}") = "Launcher", "src\Launcher\Launcher.csproj", "{3D82C20A-F844-40CC-86B2-0F9FA66854FF}"
EndProject
Project("{2150E333-8FDC-42A3-9474-1A3956D46DE8}") = "External", "External", "{7C43D186-1DB4-4BD2-B8C1-FDCF8619D366}"
EndProject
Project("{9A19103F-16F7-4668-BE54-9A1E7A4F7556}") = "LibreLancer.ContentEdit", "src\Editor\LibreLancer.ContentEdit\LibreLancer.ContentEdit.csproj", "{AAB8A1F9-AE15-4C1F-8097-C264D1B24573}"
EndProject
Project("{9A19103F-16F7-4668-BE54-9A1E7A4F7556}") = "lleditscript", "src\Editor\lleditscript\lleditscript.csproj", "{BE914D42-4FA8-4EF6-B4BE-1D9D6BA93392}"
EndProject
Project("{9A19103F-16F7-4668-BE54-9A1E7A4F7556}") = "LibreLancer.Database", "src\Librelancer.Database\LibreLancer.Database.csproj", "{BFE792B8-C255-49D2-B29C-19667017F9CD}"
EndProject
Project("{9A19103F-16F7-4668-BE54-9A1E7A4F7556}") = "LibreLancer.Entities", "src\LibreLancer.Entities\LibreLancer.Entities.csproj", "{C8B790AF-8912-44D8-8422-6E54FC55CADF}"
EndProject
Project("{9A19103F-16F7-4668-BE54-9A1E7A4F7556}") = "SimpleMesh", "extern\SimpleMesh\SimpleMesh\SimpleMesh.csproj", "{4DD4455E-1891-45A5-8607-7B6F4F80CA57}"
EndProject
Project("{9A19103F-16F7-4668-BE54-9A1E7A4F7556}") = "LiteNetLib", "extern\LiteNetLib\LiteNetLib\LiteNetLib.csproj", "{62379547-E88E-4484-8338-9A0B06476E34}"
EndProject
Project("{D954291E-2A0B-460D-934E-DC6B0785DB48}") = "PublishAssets", "src\PublishAssets\PublishAssets.shproj", "{FD9729FD-84FC-49E7-B3FF-BBA3F4268B87}"
EndProject
Project("{9A19103F-16F7-4668-BE54-9A1E7A4F7556}") = "WattleScript.Interpreter", "extern\wattlescript\src\WattleScript.Interpreter\WattleScript.Interpreter.csproj", "{E74F3E6D-D81A-4D76-937A-1BADF3791D3B}"
EndProject
Project("{9A19103F-16F7-4668-BE54-9A1E7A4F7556}") = "WattleScript.HardwireGen", "extern\wattlescript\src\WattleScript.HardwireGen\WattleScript.HardwireGen.csproj", "{49D998AE-98EF-4786-9225-8A09CE6C96C1}"
EndProject
Project("{9A19103F-16F7-4668-BE54-9A1E7A4F7556}") = "LibreLancer.Tests", "src\LibreLancer.Tests\LibreLancer.Tests.csproj", "{770D3253-2628-45BB-B087-B3BC528FF03B}"
EndProject
Project("{9A19103F-16F7-4668-BE54-9A1E7A4F7556}") = "LLServerGui", "src\LLServerGui\LLServerGui.csproj", "{CA2BC5AC-C25D-4C2F-8092-175F1F1BF0F4}"
EndProject
Project("{9A19103F-16F7-4668-BE54-9A1E7A4F7556}") = "LLServer.Core", "src\LLServer.Core\LLServer.Core.csproj", "{3A1E19F8-0267-4D28-92FB-3745874428C6}"
EndProject
Project("{FAE04EC0-301F-11D3-BF4B-00C04F79EFBC}") = "BepuUtilities", "extern\bepuphysics2\BepuUtilities\BepuUtilities.csproj", "{45F57047-5BF4-41BF-A13C-A1CD3BFCFD8A}"
EndProject
Project("{FAE04EC0-301F-11D3-BF4B-00C04F79EFBC}") = "BepuPhysics", "extern\bepuphysics2\BepuPhysics\BepuPhysics.csproj", "{5D321AB5-DF7F-4988-B432-000E24EBE9F2}"
EndProject
Project("{FAE04EC0-301F-11D3-BF4B-00C04F79EFBC}") = "LibreLancer.Net.Generator", "src\LibreLancer.Net.Generator\LibreLancer.Net.Generator.csproj", "{BFC51CE0-4528-4417-8F44-92D334A200ED}"
EndProject
Global
	GlobalSection(SolutionConfigurationPlatforms) = preSolution
		Debug|Any CPU = Debug|Any CPU
		Debug|x64 = Debug|x64
		Debug|x86 = Debug|x86
		Release|Any CPU = Release|Any CPU
		Release|x64 = Release|x64
		Release|x86 = Release|x86
	EndGlobalSection
	GlobalSection(ProjectConfigurationPlatforms) = postSolution
		{C5A7F58E-2B72-4D74-BA5B-F9C06534AA67}.Debug|Any CPU.ActiveCfg = Debug|Any CPU
		{C5A7F58E-2B72-4D74-BA5B-F9C06534AA67}.Debug|Any CPU.Build.0 = Debug|Any CPU
		{C5A7F58E-2B72-4D74-BA5B-F9C06534AA67}.Debug|x64.ActiveCfg = Debug|Any CPU
		{C5A7F58E-2B72-4D74-BA5B-F9C06534AA67}.Debug|x64.Build.0 = Debug|Any CPU
		{C5A7F58E-2B72-4D74-BA5B-F9C06534AA67}.Debug|x86.ActiveCfg = Debug|Any CPU
		{C5A7F58E-2B72-4D74-BA5B-F9C06534AA67}.Debug|x86.Build.0 = Debug|Any CPU
		{C5A7F58E-2B72-4D74-BA5B-F9C06534AA67}.Release|Any CPU.ActiveCfg = Release|Any CPU
		{C5A7F58E-2B72-4D74-BA5B-F9C06534AA67}.Release|Any CPU.Build.0 = Release|Any CPU
		{C5A7F58E-2B72-4D74-BA5B-F9C06534AA67}.Release|x64.ActiveCfg = Release|Any CPU
		{C5A7F58E-2B72-4D74-BA5B-F9C06534AA67}.Release|x64.Build.0 = Release|Any CPU
		{C5A7F58E-2B72-4D74-BA5B-F9C06534AA67}.Release|x86.ActiveCfg = Release|Any CPU
		{C5A7F58E-2B72-4D74-BA5B-F9C06534AA67}.Release|x86.Build.0 = Release|Any CPU
		{F25C3752-0AB4-45CA-90DA-EFD276C4322A}.Debug|Any CPU.ActiveCfg = Debug|Any CPU
		{F25C3752-0AB4-45CA-90DA-EFD276C4322A}.Debug|Any CPU.Build.0 = Debug|Any CPU
		{F25C3752-0AB4-45CA-90DA-EFD276C4322A}.Debug|x64.ActiveCfg = Debug|Any CPU
		{F25C3752-0AB4-45CA-90DA-EFD276C4322A}.Debug|x64.Build.0 = Debug|Any CPU
		{F25C3752-0AB4-45CA-90DA-EFD276C4322A}.Debug|x86.ActiveCfg = Debug|Any CPU
		{F25C3752-0AB4-45CA-90DA-EFD276C4322A}.Debug|x86.Build.0 = Debug|Any CPU
		{F25C3752-0AB4-45CA-90DA-EFD276C4322A}.Release|Any CPU.ActiveCfg = Release|Any CPU
		{F25C3752-0AB4-45CA-90DA-EFD276C4322A}.Release|Any CPU.Build.0 = Release|Any CPU
		{F25C3752-0AB4-45CA-90DA-EFD276C4322A}.Release|x64.ActiveCfg = Release|Any CPU
		{F25C3752-0AB4-45CA-90DA-EFD276C4322A}.Release|x64.Build.0 = Release|Any CPU
		{F25C3752-0AB4-45CA-90DA-EFD276C4322A}.Release|x86.ActiveCfg = Release|Any CPU
		{F25C3752-0AB4-45CA-90DA-EFD276C4322A}.Release|x86.Build.0 = Release|Any CPU
		{9B0FD3DC-41D9-4018-AEB3-FC775B3514BE}.Debug|Any CPU.ActiveCfg = Debug|Any CPU
		{9B0FD3DC-41D9-4018-AEB3-FC775B3514BE}.Debug|Any CPU.Build.0 = Debug|Any CPU
		{9B0FD3DC-41D9-4018-AEB3-FC775B3514BE}.Debug|x64.ActiveCfg = Debug|Any CPU
		{9B0FD3DC-41D9-4018-AEB3-FC775B3514BE}.Debug|x64.Build.0 = Debug|Any CPU
		{9B0FD3DC-41D9-4018-AEB3-FC775B3514BE}.Debug|x86.ActiveCfg = Debug|Any CPU
		{9B0FD3DC-41D9-4018-AEB3-FC775B3514BE}.Debug|x86.Build.0 = Debug|Any CPU
		{9B0FD3DC-41D9-4018-AEB3-FC775B3514BE}.Release|Any CPU.ActiveCfg = Release|Any CPU
		{9B0FD3DC-41D9-4018-AEB3-FC775B3514BE}.Release|Any CPU.Build.0 = Release|Any CPU
		{9B0FD3DC-41D9-4018-AEB3-FC775B3514BE}.Release|x64.ActiveCfg = Release|Any CPU
		{9B0FD3DC-41D9-4018-AEB3-FC775B3514BE}.Release|x64.Build.0 = Release|Any CPU
		{9B0FD3DC-41D9-4018-AEB3-FC775B3514BE}.Release|x86.ActiveCfg = Release|Any CPU
		{9B0FD3DC-41D9-4018-AEB3-FC775B3514BE}.Release|x86.Build.0 = Release|Any CPU
		{1C9FCC8A-5D11-4772-A9F5-D2471C9B9EA8}.Debug|Any CPU.ActiveCfg = Debug|Any CPU
		{1C9FCC8A-5D11-4772-A9F5-D2471C9B9EA8}.Debug|Any CPU.Build.0 = Debug|Any CPU
		{1C9FCC8A-5D11-4772-A9F5-D2471C9B9EA8}.Debug|x64.ActiveCfg = Debug|Any CPU
		{1C9FCC8A-5D11-4772-A9F5-D2471C9B9EA8}.Debug|x64.Build.0 = Debug|Any CPU
		{1C9FCC8A-5D11-4772-A9F5-D2471C9B9EA8}.Debug|x86.ActiveCfg = Debug|Any CPU
		{1C9FCC8A-5D11-4772-A9F5-D2471C9B9EA8}.Debug|x86.Build.0 = Debug|Any CPU
		{1C9FCC8A-5D11-4772-A9F5-D2471C9B9EA8}.Release|Any CPU.ActiveCfg = Release|Any CPU
		{1C9FCC8A-5D11-4772-A9F5-D2471C9B9EA8}.Release|Any CPU.Build.0 = Release|Any CPU
		{1C9FCC8A-5D11-4772-A9F5-D2471C9B9EA8}.Release|x64.ActiveCfg = Release|Any CPU
		{1C9FCC8A-5D11-4772-A9F5-D2471C9B9EA8}.Release|x64.Build.0 = Release|Any CPU
		{1C9FCC8A-5D11-4772-A9F5-D2471C9B9EA8}.Release|x86.ActiveCfg = Release|Any CPU
		{1C9FCC8A-5D11-4772-A9F5-D2471C9B9EA8}.Release|x86.Build.0 = Release|Any CPU
		{120C3A6A-4871-4847-BC65-CE4B1F64833A}.Debug|Any CPU.ActiveCfg = Debug|Any CPU
		{120C3A6A-4871-4847-BC65-CE4B1F64833A}.Debug|Any CPU.Build.0 = Debug|Any CPU
		{120C3A6A-4871-4847-BC65-CE4B1F64833A}.Debug|x64.ActiveCfg = Debug|Any CPU
		{120C3A6A-4871-4847-BC65-CE4B1F64833A}.Debug|x64.Build.0 = Debug|Any CPU
		{120C3A6A-4871-4847-BC65-CE4B1F64833A}.Debug|x86.ActiveCfg = Debug|Any CPU
		{120C3A6A-4871-4847-BC65-CE4B1F64833A}.Debug|x86.Build.0 = Debug|Any CPU
		{120C3A6A-4871-4847-BC65-CE4B1F64833A}.Release|Any CPU.ActiveCfg = Release|Any CPU
		{120C3A6A-4871-4847-BC65-CE4B1F64833A}.Release|Any CPU.Build.0 = Release|Any CPU
		{120C3A6A-4871-4847-BC65-CE4B1F64833A}.Release|x64.ActiveCfg = Release|Any CPU
		{120C3A6A-4871-4847-BC65-CE4B1F64833A}.Release|x64.Build.0 = Release|Any CPU
		{120C3A6A-4871-4847-BC65-CE4B1F64833A}.Release|x86.ActiveCfg = Release|Any CPU
		{120C3A6A-4871-4847-BC65-CE4B1F64833A}.Release|x86.Build.0 = Release|Any CPU
		{1B3ADA80-AD52-4503-91CC-272F7057EDE0}.Debug|Any CPU.ActiveCfg = Debug|Any CPU
		{1B3ADA80-AD52-4503-91CC-272F7057EDE0}.Debug|Any CPU.Build.0 = Debug|Any CPU
		{1B3ADA80-AD52-4503-91CC-272F7057EDE0}.Debug|x64.ActiveCfg = Debug|Any CPU
		{1B3ADA80-AD52-4503-91CC-272F7057EDE0}.Debug|x64.Build.0 = Debug|Any CPU
		{1B3ADA80-AD52-4503-91CC-272F7057EDE0}.Debug|x86.ActiveCfg = Debug|Any CPU
		{1B3ADA80-AD52-4503-91CC-272F7057EDE0}.Debug|x86.Build.0 = Debug|Any CPU
		{1B3ADA80-AD52-4503-91CC-272F7057EDE0}.Release|Any CPU.ActiveCfg = Release|Any CPU
		{1B3ADA80-AD52-4503-91CC-272F7057EDE0}.Release|Any CPU.Build.0 = Release|Any CPU
		{1B3ADA80-AD52-4503-91CC-272F7057EDE0}.Release|x64.ActiveCfg = Release|Any CPU
		{1B3ADA80-AD52-4503-91CC-272F7057EDE0}.Release|x64.Build.0 = Release|Any CPU
		{1B3ADA80-AD52-4503-91CC-272F7057EDE0}.Release|x86.ActiveCfg = Release|Any CPU
		{1B3ADA80-AD52-4503-91CC-272F7057EDE0}.Release|x86.Build.0 = Release|Any CPU
		{2D55D94D-D39A-446D-BB2E-B2E3F2F6C585}.Debug|Any CPU.ActiveCfg = Debug|Any CPU
		{2D55D94D-D39A-446D-BB2E-B2E3F2F6C585}.Debug|Any CPU.Build.0 = Debug|Any CPU
		{2D55D94D-D39A-446D-BB2E-B2E3F2F6C585}.Debug|x64.ActiveCfg = Debug|Any CPU
		{2D55D94D-D39A-446D-BB2E-B2E3F2F6C585}.Debug|x64.Build.0 = Debug|Any CPU
		{2D55D94D-D39A-446D-BB2E-B2E3F2F6C585}.Debug|x86.ActiveCfg = Debug|Any CPU
		{2D55D94D-D39A-446D-BB2E-B2E3F2F6C585}.Debug|x86.Build.0 = Debug|Any CPU
		{2D55D94D-D39A-446D-BB2E-B2E3F2F6C585}.Release|Any CPU.ActiveCfg = Release|Any CPU
		{2D55D94D-D39A-446D-BB2E-B2E3F2F6C585}.Release|Any CPU.Build.0 = Release|Any CPU
		{2D55D94D-D39A-446D-BB2E-B2E3F2F6C585}.Release|x64.ActiveCfg = Release|Any CPU
		{2D55D94D-D39A-446D-BB2E-B2E3F2F6C585}.Release|x64.Build.0 = Release|Any CPU
		{2D55D94D-D39A-446D-BB2E-B2E3F2F6C585}.Release|x86.ActiveCfg = Release|Any CPU
		{2D55D94D-D39A-446D-BB2E-B2E3F2F6C585}.Release|x86.Build.0 = Release|Any CPU
		{DEFD315F-030C-438F-B797-6ACF9615E726}.Debug|Any CPU.ActiveCfg = Debug|Any CPU
		{DEFD315F-030C-438F-B797-6ACF9615E726}.Debug|Any CPU.Build.0 = Debug|Any CPU
		{DEFD315F-030C-438F-B797-6ACF9615E726}.Debug|x64.ActiveCfg = Debug|Any CPU
		{DEFD315F-030C-438F-B797-6ACF9615E726}.Debug|x64.Build.0 = Debug|Any CPU
		{DEFD315F-030C-438F-B797-6ACF9615E726}.Debug|x86.ActiveCfg = Debug|Any CPU
		{DEFD315F-030C-438F-B797-6ACF9615E726}.Debug|x86.Build.0 = Debug|Any CPU
		{DEFD315F-030C-438F-B797-6ACF9615E726}.Release|Any CPU.ActiveCfg = Release|Any CPU
		{DEFD315F-030C-438F-B797-6ACF9615E726}.Release|Any CPU.Build.0 = Release|Any CPU
		{DEFD315F-030C-438F-B797-6ACF9615E726}.Release|x64.ActiveCfg = Release|Any CPU
		{DEFD315F-030C-438F-B797-6ACF9615E726}.Release|x64.Build.0 = Release|Any CPU
		{DEFD315F-030C-438F-B797-6ACF9615E726}.Release|x86.ActiveCfg = Release|Any CPU
		{DEFD315F-030C-438F-B797-6ACF9615E726}.Release|x86.Build.0 = Release|Any CPU
		{079429EC-F982-4954-B4DD-AD99160F3437}.Debug|Any CPU.ActiveCfg = Debug|Any CPU
		{079429EC-F982-4954-B4DD-AD99160F3437}.Debug|Any CPU.Build.0 = Debug|Any CPU
		{079429EC-F982-4954-B4DD-AD99160F3437}.Debug|x64.ActiveCfg = Debug|Any CPU
		{079429EC-F982-4954-B4DD-AD99160F3437}.Debug|x64.Build.0 = Debug|Any CPU
		{079429EC-F982-4954-B4DD-AD99160F3437}.Debug|x86.ActiveCfg = Debug|Any CPU
		{079429EC-F982-4954-B4DD-AD99160F3437}.Debug|x86.Build.0 = Debug|Any CPU
		{079429EC-F982-4954-B4DD-AD99160F3437}.Release|Any CPU.ActiveCfg = Release|Any CPU
		{079429EC-F982-4954-B4DD-AD99160F3437}.Release|Any CPU.Build.0 = Release|Any CPU
		{079429EC-F982-4954-B4DD-AD99160F3437}.Release|x64.ActiveCfg = Release|Any CPU
		{079429EC-F982-4954-B4DD-AD99160F3437}.Release|x64.Build.0 = Release|Any CPU
		{079429EC-F982-4954-B4DD-AD99160F3437}.Release|x86.ActiveCfg = Release|Any CPU
		{079429EC-F982-4954-B4DD-AD99160F3437}.Release|x86.Build.0 = Release|Any CPU
		{1DABA0C8-4F3C-4CB5-863C-A1D38505F9A7}.Debug|Any CPU.ActiveCfg = Debug|Any CPU
		{1DABA0C8-4F3C-4CB5-863C-A1D38505F9A7}.Debug|Any CPU.Build.0 = Debug|Any CPU
		{1DABA0C8-4F3C-4CB5-863C-A1D38505F9A7}.Debug|x64.ActiveCfg = Debug|Any CPU
		{1DABA0C8-4F3C-4CB5-863C-A1D38505F9A7}.Debug|x64.Build.0 = Debug|Any CPU
		{1DABA0C8-4F3C-4CB5-863C-A1D38505F9A7}.Debug|x86.ActiveCfg = Debug|Any CPU
		{1DABA0C8-4F3C-4CB5-863C-A1D38505F9A7}.Debug|x86.Build.0 = Debug|Any CPU
		{1DABA0C8-4F3C-4CB5-863C-A1D38505F9A7}.Release|Any CPU.ActiveCfg = Release|Any CPU
		{1DABA0C8-4F3C-4CB5-863C-A1D38505F9A7}.Release|Any CPU.Build.0 = Release|Any CPU
		{1DABA0C8-4F3C-4CB5-863C-A1D38505F9A7}.Release|x64.ActiveCfg = Release|Any CPU
		{1DABA0C8-4F3C-4CB5-863C-A1D38505F9A7}.Release|x64.Build.0 = Release|Any CPU
		{1DABA0C8-4F3C-4CB5-863C-A1D38505F9A7}.Release|x86.ActiveCfg = Release|Any CPU
		{1DABA0C8-4F3C-4CB5-863C-A1D38505F9A7}.Release|x86.Build.0 = Release|Any CPU
		{D1EC308E-F0C7-4A2D-9464-B4C7EAE0E167}.Debug|Any CPU.ActiveCfg = Debug|Any CPU
		{D1EC308E-F0C7-4A2D-9464-B4C7EAE0E167}.Debug|Any CPU.Build.0 = Debug|Any CPU
		{D1EC308E-F0C7-4A2D-9464-B4C7EAE0E167}.Debug|x64.ActiveCfg = Debug|Any CPU
		{D1EC308E-F0C7-4A2D-9464-B4C7EAE0E167}.Debug|x64.Build.0 = Debug|Any CPU
		{D1EC308E-F0C7-4A2D-9464-B4C7EAE0E167}.Debug|x86.ActiveCfg = Debug|Any CPU
		{D1EC308E-F0C7-4A2D-9464-B4C7EAE0E167}.Debug|x86.Build.0 = Debug|Any CPU
		{D1EC308E-F0C7-4A2D-9464-B4C7EAE0E167}.Release|Any CPU.ActiveCfg = Release|Any CPU
		{D1EC308E-F0C7-4A2D-9464-B4C7EAE0E167}.Release|Any CPU.Build.0 = Release|Any CPU
		{D1EC308E-F0C7-4A2D-9464-B4C7EAE0E167}.Release|x64.ActiveCfg = Release|Any CPU
		{D1EC308E-F0C7-4A2D-9464-B4C7EAE0E167}.Release|x64.Build.0 = Release|Any CPU
		{D1EC308E-F0C7-4A2D-9464-B4C7EAE0E167}.Release|x86.ActiveCfg = Release|Any CPU
		{D1EC308E-F0C7-4A2D-9464-B4C7EAE0E167}.Release|x86.Build.0 = Release|Any CPU
		{FDC20255-07A5-4F6B-9B32-151D8D053A11}.Debug|Any CPU.ActiveCfg = Debug|Any CPU
		{FDC20255-07A5-4F6B-9B32-151D8D053A11}.Debug|Any CPU.Build.0 = Debug|Any CPU
		{FDC20255-07A5-4F6B-9B32-151D8D053A11}.Debug|x64.ActiveCfg = Debug|Any CPU
		{FDC20255-07A5-4F6B-9B32-151D8D053A11}.Debug|x64.Build.0 = Debug|Any CPU
		{FDC20255-07A5-4F6B-9B32-151D8D053A11}.Debug|x86.ActiveCfg = Debug|Any CPU
		{FDC20255-07A5-4F6B-9B32-151D8D053A11}.Debug|x86.Build.0 = Debug|Any CPU
		{FDC20255-07A5-4F6B-9B32-151D8D053A11}.Release|Any CPU.ActiveCfg = Release|Any CPU
		{FDC20255-07A5-4F6B-9B32-151D8D053A11}.Release|Any CPU.Build.0 = Release|Any CPU
		{FDC20255-07A5-4F6B-9B32-151D8D053A11}.Release|x64.ActiveCfg = Release|Any CPU
		{FDC20255-07A5-4F6B-9B32-151D8D053A11}.Release|x64.Build.0 = Release|Any CPU
		{FDC20255-07A5-4F6B-9B32-151D8D053A11}.Release|x86.ActiveCfg = Release|Any CPU
		{FDC20255-07A5-4F6B-9B32-151D8D053A11}.Release|x86.Build.0 = Release|Any CPU
		{3D82C20A-F844-40CC-86B2-0F9FA66854FF}.Debug|Any CPU.ActiveCfg = Debug|Any CPU
		{3D82C20A-F844-40CC-86B2-0F9FA66854FF}.Debug|Any CPU.Build.0 = Debug|Any CPU
		{3D82C20A-F844-40CC-86B2-0F9FA66854FF}.Debug|x64.ActiveCfg = Debug|Any CPU
		{3D82C20A-F844-40CC-86B2-0F9FA66854FF}.Debug|x64.Build.0 = Debug|Any CPU
		{3D82C20A-F844-40CC-86B2-0F9FA66854FF}.Debug|x86.ActiveCfg = Debug|Any CPU
		{3D82C20A-F844-40CC-86B2-0F9FA66854FF}.Debug|x86.Build.0 = Debug|Any CPU
		{3D82C20A-F844-40CC-86B2-0F9FA66854FF}.Release|Any CPU.ActiveCfg = Release|Any CPU
		{3D82C20A-F844-40CC-86B2-0F9FA66854FF}.Release|Any CPU.Build.0 = Release|Any CPU
		{3D82C20A-F844-40CC-86B2-0F9FA66854FF}.Release|x64.ActiveCfg = Release|Any CPU
		{3D82C20A-F844-40CC-86B2-0F9FA66854FF}.Release|x64.Build.0 = Release|Any CPU
		{3D82C20A-F844-40CC-86B2-0F9FA66854FF}.Release|x86.ActiveCfg = Release|Any CPU
		{3D82C20A-F844-40CC-86B2-0F9FA66854FF}.Release|x86.Build.0 = Release|Any CPU
		{AAB8A1F9-AE15-4C1F-8097-C264D1B24573}.Debug|Any CPU.ActiveCfg = Debug|Any CPU
		{AAB8A1F9-AE15-4C1F-8097-C264D1B24573}.Debug|Any CPU.Build.0 = Debug|Any CPU
		{AAB8A1F9-AE15-4C1F-8097-C264D1B24573}.Debug|x64.ActiveCfg = Debug|Any CPU
		{AAB8A1F9-AE15-4C1F-8097-C264D1B24573}.Debug|x64.Build.0 = Debug|Any CPU
		{AAB8A1F9-AE15-4C1F-8097-C264D1B24573}.Debug|x86.ActiveCfg = Debug|Any CPU
		{AAB8A1F9-AE15-4C1F-8097-C264D1B24573}.Debug|x86.Build.0 = Debug|Any CPU
		{AAB8A1F9-AE15-4C1F-8097-C264D1B24573}.Release|Any CPU.ActiveCfg = Release|Any CPU
		{AAB8A1F9-AE15-4C1F-8097-C264D1B24573}.Release|Any CPU.Build.0 = Release|Any CPU
		{AAB8A1F9-AE15-4C1F-8097-C264D1B24573}.Release|x64.ActiveCfg = Release|Any CPU
		{AAB8A1F9-AE15-4C1F-8097-C264D1B24573}.Release|x64.Build.0 = Release|Any CPU
		{AAB8A1F9-AE15-4C1F-8097-C264D1B24573}.Release|x86.ActiveCfg = Release|Any CPU
		{AAB8A1F9-AE15-4C1F-8097-C264D1B24573}.Release|x86.Build.0 = Release|Any CPU
		{BE914D42-4FA8-4EF6-B4BE-1D9D6BA93392}.Debug|Any CPU.ActiveCfg = Debug|Any CPU
		{BE914D42-4FA8-4EF6-B4BE-1D9D6BA93392}.Debug|Any CPU.Build.0 = Debug|Any CPU
		{BE914D42-4FA8-4EF6-B4BE-1D9D6BA93392}.Debug|x64.ActiveCfg = Debug|Any CPU
		{BE914D42-4FA8-4EF6-B4BE-1D9D6BA93392}.Debug|x64.Build.0 = Debug|Any CPU
		{BE914D42-4FA8-4EF6-B4BE-1D9D6BA93392}.Debug|x86.ActiveCfg = Debug|Any CPU
		{BE914D42-4FA8-4EF6-B4BE-1D9D6BA93392}.Debug|x86.Build.0 = Debug|Any CPU
		{BE914D42-4FA8-4EF6-B4BE-1D9D6BA93392}.Release|Any CPU.ActiveCfg = Release|Any CPU
		{BE914D42-4FA8-4EF6-B4BE-1D9D6BA93392}.Release|Any CPU.Build.0 = Release|Any CPU
		{BE914D42-4FA8-4EF6-B4BE-1D9D6BA93392}.Release|x64.ActiveCfg = Release|Any CPU
		{BE914D42-4FA8-4EF6-B4BE-1D9D6BA93392}.Release|x64.Build.0 = Release|Any CPU
		{BE914D42-4FA8-4EF6-B4BE-1D9D6BA93392}.Release|x86.ActiveCfg = Release|Any CPU
		{BE914D42-4FA8-4EF6-B4BE-1D9D6BA93392}.Release|x86.Build.0 = Release|Any CPU
		{BFE792B8-C255-49D2-B29C-19667017F9CD}.Debug|Any CPU.ActiveCfg = Debug|Any CPU
		{BFE792B8-C255-49D2-B29C-19667017F9CD}.Debug|Any CPU.Build.0 = Debug|Any CPU
		{BFE792B8-C255-49D2-B29C-19667017F9CD}.Debug|x64.ActiveCfg = Debug|Any CPU
		{BFE792B8-C255-49D2-B29C-19667017F9CD}.Debug|x64.Build.0 = Debug|Any CPU
		{BFE792B8-C255-49D2-B29C-19667017F9CD}.Debug|x86.ActiveCfg = Debug|Any CPU
		{BFE792B8-C255-49D2-B29C-19667017F9CD}.Debug|x86.Build.0 = Debug|Any CPU
		{BFE792B8-C255-49D2-B29C-19667017F9CD}.Release|Any CPU.ActiveCfg = Release|Any CPU
		{BFE792B8-C255-49D2-B29C-19667017F9CD}.Release|Any CPU.Build.0 = Release|Any CPU
		{BFE792B8-C255-49D2-B29C-19667017F9CD}.Release|x64.ActiveCfg = Release|Any CPU
		{BFE792B8-C255-49D2-B29C-19667017F9CD}.Release|x64.Build.0 = Release|Any CPU
		{BFE792B8-C255-49D2-B29C-19667017F9CD}.Release|x86.ActiveCfg = Release|Any CPU
		{BFE792B8-C255-49D2-B29C-19667017F9CD}.Release|x86.Build.0 = Release|Any CPU
		{C8B790AF-8912-44D8-8422-6E54FC55CADF}.Debug|Any CPU.ActiveCfg = Debug|Any CPU
		{C8B790AF-8912-44D8-8422-6E54FC55CADF}.Debug|Any CPU.Build.0 = Debug|Any CPU
		{C8B790AF-8912-44D8-8422-6E54FC55CADF}.Debug|x64.ActiveCfg = Debug|Any CPU
		{C8B790AF-8912-44D8-8422-6E54FC55CADF}.Debug|x64.Build.0 = Debug|Any CPU
		{C8B790AF-8912-44D8-8422-6E54FC55CADF}.Debug|x86.ActiveCfg = Debug|Any CPU
		{C8B790AF-8912-44D8-8422-6E54FC55CADF}.Debug|x86.Build.0 = Debug|Any CPU
		{C8B790AF-8912-44D8-8422-6E54FC55CADF}.Release|Any CPU.ActiveCfg = Release|Any CPU
		{C8B790AF-8912-44D8-8422-6E54FC55CADF}.Release|Any CPU.Build.0 = Release|Any CPU
		{C8B790AF-8912-44D8-8422-6E54FC55CADF}.Release|x64.ActiveCfg = Release|Any CPU
		{C8B790AF-8912-44D8-8422-6E54FC55CADF}.Release|x64.Build.0 = Release|Any CPU
		{C8B790AF-8912-44D8-8422-6E54FC55CADF}.Release|x86.ActiveCfg = Release|Any CPU
		{C8B790AF-8912-44D8-8422-6E54FC55CADF}.Release|x86.Build.0 = Release|Any CPU
		{4DD4455E-1891-45A5-8607-7B6F4F80CA57}.Debug|Any CPU.ActiveCfg = Debug|Any CPU
		{4DD4455E-1891-45A5-8607-7B6F4F80CA57}.Debug|Any CPU.Build.0 = Debug|Any CPU
		{4DD4455E-1891-45A5-8607-7B6F4F80CA57}.Debug|x64.ActiveCfg = Debug|Any CPU
		{4DD4455E-1891-45A5-8607-7B6F4F80CA57}.Debug|x64.Build.0 = Debug|Any CPU
		{4DD4455E-1891-45A5-8607-7B6F4F80CA57}.Debug|x86.ActiveCfg = Debug|Any CPU
		{4DD4455E-1891-45A5-8607-7B6F4F80CA57}.Debug|x86.Build.0 = Debug|Any CPU
		{4DD4455E-1891-45A5-8607-7B6F4F80CA57}.Release|Any CPU.ActiveCfg = Release|Any CPU
		{4DD4455E-1891-45A5-8607-7B6F4F80CA57}.Release|Any CPU.Build.0 = Release|Any CPU
		{4DD4455E-1891-45A5-8607-7B6F4F80CA57}.Release|x64.ActiveCfg = Release|Any CPU
		{4DD4455E-1891-45A5-8607-7B6F4F80CA57}.Release|x64.Build.0 = Release|Any CPU
		{4DD4455E-1891-45A5-8607-7B6F4F80CA57}.Release|x86.ActiveCfg = Release|Any CPU
		{4DD4455E-1891-45A5-8607-7B6F4F80CA57}.Release|x86.Build.0 = Release|Any CPU
		{62379547-E88E-4484-8338-9A0B06476E34}.Debug|Any CPU.ActiveCfg = Debug|Any CPU
		{62379547-E88E-4484-8338-9A0B06476E34}.Debug|Any CPU.Build.0 = Debug|Any CPU
		{62379547-E88E-4484-8338-9A0B06476E34}.Debug|x64.ActiveCfg = Debug|Any CPU
		{62379547-E88E-4484-8338-9A0B06476E34}.Debug|x64.Build.0 = Debug|Any CPU
		{62379547-E88E-4484-8338-9A0B06476E34}.Debug|x86.ActiveCfg = Debug|Any CPU
		{62379547-E88E-4484-8338-9A0B06476E34}.Debug|x86.Build.0 = Debug|Any CPU
		{62379547-E88E-4484-8338-9A0B06476E34}.Release|Any CPU.ActiveCfg = Release|Any CPU
		{62379547-E88E-4484-8338-9A0B06476E34}.Release|Any CPU.Build.0 = Release|Any CPU
		{62379547-E88E-4484-8338-9A0B06476E34}.Release|x64.ActiveCfg = Release|Any CPU
		{62379547-E88E-4484-8338-9A0B06476E34}.Release|x64.Build.0 = Release|Any CPU
		{62379547-E88E-4484-8338-9A0B06476E34}.Release|x86.ActiveCfg = Release|Any CPU
		{62379547-E88E-4484-8338-9A0B06476E34}.Release|x86.Build.0 = Release|Any CPU
		{E74F3E6D-D81A-4D76-937A-1BADF3791D3B}.Debug|Any CPU.ActiveCfg = Debug|Any CPU
		{E74F3E6D-D81A-4D76-937A-1BADF3791D3B}.Debug|Any CPU.Build.0 = Debug|Any CPU
		{E74F3E6D-D81A-4D76-937A-1BADF3791D3B}.Debug|x64.ActiveCfg = Debug|Any CPU
		{E74F3E6D-D81A-4D76-937A-1BADF3791D3B}.Debug|x64.Build.0 = Debug|Any CPU
		{E74F3E6D-D81A-4D76-937A-1BADF3791D3B}.Debug|x86.ActiveCfg = Debug|Any CPU
		{E74F3E6D-D81A-4D76-937A-1BADF3791D3B}.Debug|x86.Build.0 = Debug|Any CPU
		{E74F3E6D-D81A-4D76-937A-1BADF3791D3B}.Release|Any CPU.ActiveCfg = Release|Any CPU
		{E74F3E6D-D81A-4D76-937A-1BADF3791D3B}.Release|Any CPU.Build.0 = Release|Any CPU
		{E74F3E6D-D81A-4D76-937A-1BADF3791D3B}.Release|x64.ActiveCfg = Release|Any CPU
		{E74F3E6D-D81A-4D76-937A-1BADF3791D3B}.Release|x64.Build.0 = Release|Any CPU
		{E74F3E6D-D81A-4D76-937A-1BADF3791D3B}.Release|x86.ActiveCfg = Release|Any CPU
		{E74F3E6D-D81A-4D76-937A-1BADF3791D3B}.Release|x86.Build.0 = Release|Any CPU
		{49D998AE-98EF-4786-9225-8A09CE6C96C1}.Debug|Any CPU.ActiveCfg = Debug|Any CPU
		{49D998AE-98EF-4786-9225-8A09CE6C96C1}.Debug|Any CPU.Build.0 = Debug|Any CPU
		{49D998AE-98EF-4786-9225-8A09CE6C96C1}.Debug|x64.ActiveCfg = Debug|Any CPU
		{49D998AE-98EF-4786-9225-8A09CE6C96C1}.Debug|x64.Build.0 = Debug|Any CPU
		{49D998AE-98EF-4786-9225-8A09CE6C96C1}.Debug|x86.ActiveCfg = Debug|Any CPU
		{49D998AE-98EF-4786-9225-8A09CE6C96C1}.Debug|x86.Build.0 = Debug|Any CPU
		{49D998AE-98EF-4786-9225-8A09CE6C96C1}.Release|Any CPU.ActiveCfg = Release|Any CPU
		{49D998AE-98EF-4786-9225-8A09CE6C96C1}.Release|Any CPU.Build.0 = Release|Any CPU
		{49D998AE-98EF-4786-9225-8A09CE6C96C1}.Release|x64.ActiveCfg = Release|Any CPU
		{49D998AE-98EF-4786-9225-8A09CE6C96C1}.Release|x64.Build.0 = Release|Any CPU
		{49D998AE-98EF-4786-9225-8A09CE6C96C1}.Release|x86.ActiveCfg = Release|Any CPU
		{49D998AE-98EF-4786-9225-8A09CE6C96C1}.Release|x86.Build.0 = Release|Any CPU
		{770D3253-2628-45BB-B087-B3BC528FF03B}.Debug|Any CPU.ActiveCfg = Debug|Any CPU
		{770D3253-2628-45BB-B087-B3BC528FF03B}.Debug|Any CPU.Build.0 = Debug|Any CPU
		{770D3253-2628-45BB-B087-B3BC528FF03B}.Debug|x64.ActiveCfg = Debug|Any CPU
		{770D3253-2628-45BB-B087-B3BC528FF03B}.Debug|x64.Build.0 = Debug|Any CPU
		{770D3253-2628-45BB-B087-B3BC528FF03B}.Debug|x86.ActiveCfg = Debug|Any CPU
		{770D3253-2628-45BB-B087-B3BC528FF03B}.Debug|x86.Build.0 = Debug|Any CPU
		{770D3253-2628-45BB-B087-B3BC528FF03B}.Release|Any CPU.ActiveCfg = Release|Any CPU
		{770D3253-2628-45BB-B087-B3BC528FF03B}.Release|Any CPU.Build.0 = Release|Any CPU
		{770D3253-2628-45BB-B087-B3BC528FF03B}.Release|x64.ActiveCfg = Release|Any CPU
		{770D3253-2628-45BB-B087-B3BC528FF03B}.Release|x64.Build.0 = Release|Any CPU
		{770D3253-2628-45BB-B087-B3BC528FF03B}.Release|x86.ActiveCfg = Release|Any CPU
		{770D3253-2628-45BB-B087-B3BC528FF03B}.Release|x86.Build.0 = Release|Any CPU
		{CA2BC5AC-C25D-4C2F-8092-175F1F1BF0F4}.Debug|Any CPU.ActiveCfg = Debug|Any CPU
		{CA2BC5AC-C25D-4C2F-8092-175F1F1BF0F4}.Debug|Any CPU.Build.0 = Debug|Any CPU
		{CA2BC5AC-C25D-4C2F-8092-175F1F1BF0F4}.Debug|x64.ActiveCfg = Debug|Any CPU
		{CA2BC5AC-C25D-4C2F-8092-175F1F1BF0F4}.Debug|x64.Build.0 = Debug|Any CPU
		{CA2BC5AC-C25D-4C2F-8092-175F1F1BF0F4}.Debug|x86.ActiveCfg = Debug|Any CPU
		{CA2BC5AC-C25D-4C2F-8092-175F1F1BF0F4}.Debug|x86.Build.0 = Debug|Any CPU
		{CA2BC5AC-C25D-4C2F-8092-175F1F1BF0F4}.Release|Any CPU.ActiveCfg = Release|Any CPU
		{CA2BC5AC-C25D-4C2F-8092-175F1F1BF0F4}.Release|Any CPU.Build.0 = Release|Any CPU
		{CA2BC5AC-C25D-4C2F-8092-175F1F1BF0F4}.Release|x64.ActiveCfg = Release|Any CPU
		{CA2BC5AC-C25D-4C2F-8092-175F1F1BF0F4}.Release|x64.Build.0 = Release|Any CPU
		{CA2BC5AC-C25D-4C2F-8092-175F1F1BF0F4}.Release|x86.ActiveCfg = Release|Any CPU
		{CA2BC5AC-C25D-4C2F-8092-175F1F1BF0F4}.Release|x86.Build.0 = Release|Any CPU
		{3A1E19F8-0267-4D28-92FB-3745874428C6}.Debug|Any CPU.ActiveCfg = Debug|Any CPU
		{3A1E19F8-0267-4D28-92FB-3745874428C6}.Debug|Any CPU.Build.0 = Debug|Any CPU
		{3A1E19F8-0267-4D28-92FB-3745874428C6}.Debug|x64.ActiveCfg = Debug|Any CPU
		{3A1E19F8-0267-4D28-92FB-3745874428C6}.Debug|x64.Build.0 = Debug|Any CPU
		{3A1E19F8-0267-4D28-92FB-3745874428C6}.Debug|x86.ActiveCfg = Debug|Any CPU
		{3A1E19F8-0267-4D28-92FB-3745874428C6}.Debug|x86.Build.0 = Debug|Any CPU
		{3A1E19F8-0267-4D28-92FB-3745874428C6}.Release|Any CPU.ActiveCfg = Release|Any CPU
		{3A1E19F8-0267-4D28-92FB-3745874428C6}.Release|Any CPU.Build.0 = Release|Any CPU
		{3A1E19F8-0267-4D28-92FB-3745874428C6}.Release|x64.ActiveCfg = Release|Any CPU
		{3A1E19F8-0267-4D28-92FB-3745874428C6}.Release|x64.Build.0 = Release|Any CPU
		{3A1E19F8-0267-4D28-92FB-3745874428C6}.Release|x86.ActiveCfg = Release|Any CPU
		{3A1E19F8-0267-4D28-92FB-3745874428C6}.Release|x86.Build.0 = Release|Any CPU
		{45F57047-5BF4-41BF-A13C-A1CD3BFCFD8A}.Debug|Any CPU.ActiveCfg = Debug|Any CPU
		{45F57047-5BF4-41BF-A13C-A1CD3BFCFD8A}.Debug|Any CPU.Build.0 = Debug|Any CPU
		{45F57047-5BF4-41BF-A13C-A1CD3BFCFD8A}.Debug|x64.ActiveCfg = Debug|Any CPU
		{45F57047-5BF4-41BF-A13C-A1CD3BFCFD8A}.Debug|x64.Build.0 = Debug|Any CPU
		{45F57047-5BF4-41BF-A13C-A1CD3BFCFD8A}.Debug|x86.ActiveCfg = Debug|Any CPU
		{45F57047-5BF4-41BF-A13C-A1CD3BFCFD8A}.Debug|x86.Build.0 = Debug|Any CPU
		{45F57047-5BF4-41BF-A13C-A1CD3BFCFD8A}.Release|Any CPU.ActiveCfg = Release|Any CPU
		{45F57047-5BF4-41BF-A13C-A1CD3BFCFD8A}.Release|Any CPU.Build.0 = Release|Any CPU
		{45F57047-5BF4-41BF-A13C-A1CD3BFCFD8A}.Release|x64.ActiveCfg = Release|Any CPU
		{45F57047-5BF4-41BF-A13C-A1CD3BFCFD8A}.Release|x64.Build.0 = Release|Any CPU
		{45F57047-5BF4-41BF-A13C-A1CD3BFCFD8A}.Release|x86.ActiveCfg = Release|Any CPU
		{45F57047-5BF4-41BF-A13C-A1CD3BFCFD8A}.Release|x86.Build.0 = Release|Any CPU
		{5D321AB5-DF7F-4988-B432-000E24EBE9F2}.Debug|Any CPU.ActiveCfg = Debug|Any CPU
		{5D321AB5-DF7F-4988-B432-000E24EBE9F2}.Debug|Any CPU.Build.0 = Debug|Any CPU
		{5D321AB5-DF7F-4988-B432-000E24EBE9F2}.Debug|x64.ActiveCfg = Debug|Any CPU
		{5D321AB5-DF7F-4988-B432-000E24EBE9F2}.Debug|x64.Build.0 = Debug|Any CPU
		{5D321AB5-DF7F-4988-B432-000E24EBE9F2}.Debug|x86.ActiveCfg = Debug|Any CPU
		{5D321AB5-DF7F-4988-B432-000E24EBE9F2}.Debug|x86.Build.0 = Debug|Any CPU
		{5D321AB5-DF7F-4988-B432-000E24EBE9F2}.Release|Any CPU.ActiveCfg = Release|Any CPU
		{5D321AB5-DF7F-4988-B432-000E24EBE9F2}.Release|Any CPU.Build.0 = Release|Any CPU
		{5D321AB5-DF7F-4988-B432-000E24EBE9F2}.Release|x64.ActiveCfg = Release|Any CPU
		{5D321AB5-DF7F-4988-B432-000E24EBE9F2}.Release|x64.Build.0 = Release|Any CPU
		{5D321AB5-DF7F-4988-B432-000E24EBE9F2}.Release|x86.ActiveCfg = Release|Any CPU
		{5D321AB5-DF7F-4988-B432-000E24EBE9F2}.Release|x86.Build.0 = Release|Any CPU
		{BFC51CE0-4528-4417-8F44-92D334A200ED}.Debug|Any CPU.ActiveCfg = Debug|Any CPU
		{BFC51CE0-4528-4417-8F44-92D334A200ED}.Debug|Any CPU.Build.0 = Debug|Any CPU
		{BFC51CE0-4528-4417-8F44-92D334A200ED}.Debug|x64.ActiveCfg = Debug|Any CPU
		{BFC51CE0-4528-4417-8F44-92D334A200ED}.Debug|x64.Build.0 = Debug|Any CPU
		{BFC51CE0-4528-4417-8F44-92D334A200ED}.Debug|x86.ActiveCfg = Debug|Any CPU
		{BFC51CE0-4528-4417-8F44-92D334A200ED}.Debug|x86.Build.0 = Debug|Any CPU
		{BFC51CE0-4528-4417-8F44-92D334A200ED}.Release|Any CPU.ActiveCfg = Release|Any CPU
		{BFC51CE0-4528-4417-8F44-92D334A200ED}.Release|Any CPU.Build.0 = Release|Any CPU
		{BFC51CE0-4528-4417-8F44-92D334A200ED}.Release|x64.ActiveCfg = Release|Any CPU
		{BFC51CE0-4528-4417-8F44-92D334A200ED}.Release|x64.Build.0 = Release|Any CPU
		{BFC51CE0-4528-4417-8F44-92D334A200ED}.Release|x86.ActiveCfg = Release|Any CPU
		{BFC51CE0-4528-4417-8F44-92D334A200ED}.Release|x86.Build.0 = Release|Any CPU
	EndGlobalSection
	GlobalSection(SolutionProperties) = preSolution
		HideSolutionNode = FALSE
	EndGlobalSection
	GlobalSection(NestedProjects) = preSolution
		{2D55D94D-D39A-446D-BB2E-B2E3F2F6C585} = {0DD85B53-3CB2-448A-AF08-7E2CEE69746E}
		{DEFD315F-030C-438F-B797-6ACF9615E726} = {0DD85B53-3CB2-448A-AF08-7E2CEE69746E}
		{079429EC-F982-4954-B4DD-AD99160F3437} = {0DD85B53-3CB2-448A-AF08-7E2CEE69746E}
		{AAB8A1F9-AE15-4C1F-8097-C264D1B24573} = {0DD85B53-3CB2-448A-AF08-7E2CEE69746E}
		{BE914D42-4FA8-4EF6-B4BE-1D9D6BA93392} = {0DD85B53-3CB2-448A-AF08-7E2CEE69746E}
		{4DD4455E-1891-45A5-8607-7B6F4F80CA57} = {7C43D186-1DB4-4BD2-B8C1-FDCF8619D366}
		{62379547-E88E-4484-8338-9A0B06476E34} = {7C43D186-1DB4-4BD2-B8C1-FDCF8619D366}
		{E74F3E6D-D81A-4D76-937A-1BADF3791D3B} = {7C43D186-1DB4-4BD2-B8C1-FDCF8619D366}
		{49D998AE-98EF-4786-9225-8A09CE6C96C1} = {7C43D186-1DB4-4BD2-B8C1-FDCF8619D366}
		{45F57047-5BF4-41BF-A13C-A1CD3BFCFD8A} = {7C43D186-1DB4-4BD2-B8C1-FDCF8619D366}
		{5D321AB5-DF7F-4988-B432-000E24EBE9F2} = {7C43D186-1DB4-4BD2-B8C1-FDCF8619D366}
	EndGlobalSection
	GlobalSection(ExtensibilityGlobals) = postSolution
		SolutionGuid = {93BAD06D-C79A-48A8-9687-91EAE0EA2332}
	EndGlobalSection
	GlobalSection(SharedMSBuildProjectFiles) = preSolution
		src\PublishAssets\PublishAssets.projitems*{079429ec-f982-4954-b4dd-ad99160f3437}*SharedItemsImports = 5
		src\PublishAssets\PublishAssets.projitems*{2d55d94d-d39a-446d-bb2e-b2e3f2f6c585}*SharedItemsImports = 5
		src\PublishAssets\PublishAssets.projitems*{3d82c20a-f844-40cc-86b2-0f9fa66854ff}*SharedItemsImports = 5
		src\PublishAssets\PublishAssets.projitems*{be914d42-4fa8-4ef6-b4be-1d9d6ba93392}*SharedItemsImports = 5
		src\PublishAssets\PublishAssets.projitems*{ca2bc5ac-c25d-4c2f-8092-175f1f1bf0f4}*SharedItemsImports = 5
		src\PublishAssets\PublishAssets.projitems*{f25c3752-0ab4-45ca-90da-efd276c4322a}*SharedItemsImports = 5
		src\PublishAssets\PublishAssets.projitems*{fd9729fd-84fc-49e7-b3ff-bba3f4268b87}*SharedItemsImports = 13
		src\PublishAssets\PublishAssets.projitems*{fdc20255-07a5-4f6b-9b32-151d8d053a11}*SharedItemsImports = 5
	EndGlobalSection
EndGlobal
