Microsoft Visual Studio Solution File, Format Version 12.00
# Visual Studio 14
VisualStudioVersion = 14.0.25420.1
MinimumVisualStudioVersion = 10.0.40219.1
Project("{FAE04EC0-301F-11D3-BF4B-00C04F79EFBC}") = "LibreLancer", "LibreLancer\LibreLancer.csproj", "{C1D53477-0117-48EF-A13D-A0225F0F50CA}"
	ProjectSection(ProjectDependencies) = postProject
		{C7A37830-B878-4008-A988-D7294D47F44D} = {C7A37830-B878-4008-A988-D7294D47F44D}
		{38F87B47-C903-477A-A9A3-6AD1A2CE1C09} = {38F87B47-C903-477A-A9A3-6AD1A2CE1C09}
		{F89CC613-0C7A-4936-9D79-86CBBF26593E} = {F89CC613-0C7A-4936-9D79-86CBBF26593E}
		{1D0655D3-D4BC-4155-B180-ABD09FF47BD2} = {1D0655D3-D4BC-4155-B180-ABD09FF47BD2}
		{6967FE1C-5953-4416-889C-FF10AE1F7DD1} = {6967FE1C-5953-4416-889C-FF10AE1F7DD1}
		{49BA1C69-6104-41AC-A5D8-B54FA9F696E8} = {49BA1C69-6104-41AC-A5D8-B54FA9F696E8}
		{C2ACC8B3-1805-45D2-B32B-CCBA545AA09F} = {C2ACC8B3-1805-45D2-B32B-CCBA545AA09F}
	EndProjectSection
EndProject
Project("{FAE04EC0-301F-11D3-BF4B-00C04F79EFBC}") = "LibreLancer.Base", "LibreLancer.Base\LibreLancer.Base.csproj", "{C7A37830-B878-4008-A988-D7294D47F44D}"
	ProjectSection(ProjectDependencies) = postProject
		{CBBDC35F-DCA3-453C-A9E3-29EE7E43DE85} = {CBBDC35F-DCA3-453C-A9E3-29EE7E43DE85}
	EndProjectSection
EndProject
Project("{FAE04EC0-301F-11D3-BF4B-00C04F79EFBC}") = "LibreLancer.Data", "LibreLancer.Data\LibreLancer.Data.csproj", "{F89CC613-0C7A-4936-9D79-86CBBF26593E}"
	ProjectSection(ProjectDependencies) = postProject
		{C7A37830-B878-4008-A988-D7294D47F44D} = {C7A37830-B878-4008-A988-D7294D47F44D}
	EndProjectSection
EndProject
Project("{FAE04EC0-301F-11D3-BF4B-00C04F79EFBC}") = "LibreLancer.ImageLib", "LibreLancer.ImageLib\LibreLancer.ImageLib.csproj", "{6967FE1C-5953-4416-889C-FF10AE1F7DD1}"
	ProjectSection(ProjectDependencies) = postProject
		{C7A37830-B878-4008-A988-D7294D47F44D} = {C7A37830-B878-4008-A988-D7294D47F44D}
	EndProjectSection
EndProject
Project("{FAE04EC0-301F-11D3-BF4B-00C04F79EFBC}") = "LibreLancer.Physics", "LibreLancer.Physics\LibreLancer.Physics.csproj", "{C2ACC8B3-1805-45D2-B32B-CCBA545AA09F}"
	ProjectSection(ProjectDependencies) = postProject
		{76FDED5B-2C12-453E-B499-CB669E55AD5B} = {76FDED5B-2C12-453E-B499-CB669E55AD5B}
		{C7A37830-B878-4008-A988-D7294D47F44D} = {C7A37830-B878-4008-A988-D7294D47F44D}
	EndProjectSection
EndProject
Project("{FAE04EC0-301F-11D3-BF4B-00C04F79EFBC}") = "LibreLancer.Media", "LibreLancer.Media\LibreLancer.Media.csproj", "{38F87B47-C903-477A-A9A3-6AD1A2CE1C09}"
	ProjectSection(ProjectDependencies) = postProject
		{C7A37830-B878-4008-A988-D7294D47F44D} = {C7A37830-B878-4008-A988-D7294D47F44D}
	EndProjectSection
EndProject
Project("{FAE04EC0-301F-11D3-BF4B-00C04F79EFBC}") = "LibreLancer.Thorn", "LibreLancer.Thorn\LibreLancer.Thorn.csproj", "{1D0655D3-D4BC-4155-B180-ABD09FF47BD2}"
	ProjectSection(ProjectDependencies) = postProject
		{C7A37830-B878-4008-A988-D7294D47F44D} = {C7A37830-B878-4008-A988-D7294D47F44D}
	EndProjectSection
EndProject
Project("{FAE04EC0-301F-11D3-BF4B-00C04F79EFBC}") = "Launcher", "Launcher\Launcher.csproj", "{5D6B114D-5254-4856-8001-EB2043A8DE16}"
	ProjectSection(ProjectDependencies) = postProject
		{C1D53477-0117-48EF-A13D-A0225F0F50CA} = {C1D53477-0117-48EF-A13D-A0225F0F50CA}
	EndProjectSection
EndProject
Project("{FAE04EC0-301F-11D3-BF4B-00C04F79EFBC}") = "Server", "Server\Server.csproj", "{F7C6FEEE-1D20-4A7E-BC4C-94E1BDE04E95}"
	ProjectSection(ProjectDependencies) = postProject
		{C1D53477-0117-48EF-A13D-A0225F0F50CA} = {C1D53477-0117-48EF-A13D-A0225F0F50CA}
		{F89CC613-0C7A-4936-9D79-86CBBF26593E} = {F89CC613-0C7A-4936-9D79-86CBBF26593E}
	EndProjectSection
EndProject
Project("{FAE04EC0-301F-11D3-BF4B-00C04F79EFBC}") = "LancerEdit", "Editor\LancerEdit\LancerEdit.csproj", "{38B159EB-CF44-4A4F-948A-E238D7FAE28E}"
	ProjectSection(ProjectDependencies) = postProject
		{C7A37830-B878-4008-A988-D7294D47F44D} = {C7A37830-B878-4008-A988-D7294D47F44D}
		{D24DBB87-1E3D-4080-ABFB-B21CBDDACD87} = {D24DBB87-1E3D-4080-ABFB-B21CBDDACD87}
		{F89CC613-0C7A-4936-9D79-86CBBF26593E} = {F89CC613-0C7A-4936-9D79-86CBBF26593E}
		{C1D53477-0117-48EF-A13D-A0225F0F50CA} = {C1D53477-0117-48EF-A13D-A0225F0F50CA}
		{38F87B47-C903-477A-A9A3-6AD1A2CE1C09} = {38F87B47-C903-477A-A9A3-6AD1A2CE1C09}
		{6967FE1C-5953-4416-889C-FF10AE1F7DD1} = {6967FE1C-5953-4416-889C-FF10AE1F7DD1}
		{7895D6CA-28F4-47D0-8C57-03B4D05DF9F6} = {7895D6CA-28F4-47D0-8C57-03B4D05DF9F6}
		{81A8703E-031C-422C-804B-34B3BAF834A6} = {81A8703E-031C-422C-804B-34B3BAF834A6}
	EndProjectSection
EndProject
Project("{FAE04EC0-301F-11D3-BF4B-00C04F79EFBC}") = "LibreLancer.ImUI", "Editor\LibreLancer.ImUI\LibreLancer.ImUI.csproj", "{81A8703E-031C-422C-804B-34B3BAF834A6}"
	ProjectSection(ProjectDependencies) = postProject
		{C7A37830-B878-4008-A988-D7294D47F44D} = {C7A37830-B878-4008-A988-D7294D47F44D}
		{6967FE1C-5953-4416-889C-FF10AE1F7DD1} = {6967FE1C-5953-4416-889C-FF10AE1F7DD1}
		{D24DBB87-1E3D-4080-ABFB-B21CBDDACD87} = {D24DBB87-1E3D-4080-ABFB-B21CBDDACD87}
	EndProjectSection
EndProject
Project("{FAE04EC0-301F-11D3-BF4B-00C04F79EFBC}") = "SystemViewer", "Editor\SystemViewer\SystemViewer.csproj", "{C213C3DE-5C6D-482A-89E7-16B3AC79D748}"
	ProjectSection(ProjectDependencies) = postProject
		{C1D53477-0117-48EF-A13D-A0225F0F50CA} = {C1D53477-0117-48EF-A13D-A0225F0F50CA}
		{C7A37830-B878-4008-A988-D7294D47F44D} = {C7A37830-B878-4008-A988-D7294D47F44D}
		{F89CC613-0C7A-4936-9D79-86CBBF26593E} = {F89CC613-0C7A-4936-9D79-86CBBF26593E}
		{6967FE1C-5953-4416-889C-FF10AE1F7DD1} = {6967FE1C-5953-4416-889C-FF10AE1F7DD1}
		{81A8703E-031C-422C-804B-34B3BAF834A6} = {81A8703E-031C-422C-804B-34B3BAF834A6}
		{D24DBB87-1E3D-4080-ABFB-B21CBDDACD87} = {D24DBB87-1E3D-4080-ABFB-B21CBDDACD87}
	EndProjectSection
EndProject
Project("{FAE04EC0-301F-11D3-BF4B-00C04F79EFBC}") = "ImGuiNet.Build451", "ImGuiNet.Build451\ImGuiNet.Build451.csproj", "{D24DBB87-1E3D-4080-ABFB-B21CBDDACD87}"
	ProjectSection(ProjectDependencies) = postProject
		{C7A37830-B878-4008-A988-D7294D47F44D} = {C7A37830-B878-4008-A988-D7294D47F44D}
	EndProjectSection
EndProject
Project("{FAE04EC0-301F-11D3-BF4B-00C04F79EFBC}") = "Collada141", "..\extern\Collada141\Collada141.csproj", "{7895D6CA-28F4-47D0-8C57-03B4D05DF9F6}"
EndProject
Project("{FAE04EC0-301F-11D3-BF4B-00C04F79EFBC}") = "FontConfigSharp", "..\extern\FontConfigSharp\FontConfigSharp\FontConfigSharp.csproj", "{CBBDC35F-DCA3-453C-A9E3-29EE7E43DE85}"
EndProject
Project("{FAE04EC0-301F-11D3-BF4B-00C04F79EFBC}") = "Lidgren.Network", "..\extern\lidgren-network-gen3\Lidgren.Network\Lidgren.Network.csproj", "{49BA1C69-6104-41AC-A5D8-B54FA9F696E8}"
EndProject
Project("{FAE04EC0-301F-11D3-BF4B-00C04F79EFBC}") = "BulletSharp", "..\extern\BulletSharpPInvoke\BulletSharp\BulletSharp.csproj", "{76FDED5B-2C12-453E-B499-CB669E55AD5B}"
EndProject
Project("{2150E333-8FDC-42A3-9474-1A3956D46DE8}") = "Editor", "Editor", "{953F895D-0AAD-4427-B912-71215C04BEFD}"
EndProject
Project("{2150E333-8FDC-42A3-9474-1A3956D46DE8}") = "External", "External", "{6CED24D8-885B-4ACC-8EC2-71A5629CB0C9}"
EndProject
Project("{2150E333-8FDC-42A3-9474-1A3956D46DE8}") = "Versioning", "Versioning", "{263E2BBE-9EBE-4004-8AD0-DCA6B2CFFE27}"
	ProjectSection(SolutionItems) = preProject
		CommonVersion.cs = CommonVersion.cs
	EndProjectSection
EndProject
Project("{2150E333-8FDC-42A3-9474-1A3956D46DE8}") = "Docs", "Docs", "{F1160AA9-1BA5-488D-8B64-DFD22D0DAFAE}"
	ProjectSection(SolutionItems) = preProject
		..\LICENSE = ..\LICENSE
		..\README.md = ..\README.md
		Shader Readme.txt = Shader Readme.txt
	EndProjectSection
EndProject
Project("{FAE04EC0-301F-11D3-BF4B-00C04F79EFBC}") = "lancer", "lancer\lancer.csproj", "{2F0BFBA3-2D0F-48C5-84AF-FF82986913FB}"
EndProject
Project("{FAE04EC0-301F-11D3-BF4B-00C04F79EFBC}") = "thorn2lua", "thorn2lua\thorn2lua.csproj", "{D7F08E5D-94FF-4027-8430-DAE17199B568}"
EndProject
Project("{FAE04EC0-301F-11D3-BF4B-00C04F79EFBC}") = "SharpFont", "SharpFont.BuildNoConfig\SharpFont.csproj", "{C293DB32-FA42-486D-B128-5A12522FAE4E}"
EndProject
Global
	GlobalSection(SolutionProperties) = preSolution
		HideSolutionNode = FALSE
	EndGlobalSection
	GlobalSection(SolutionConfigurationPlatforms) = preSolution
		Debug|Any CPU = Debug|Any CPU
		Release|Any CPU = Release|Any CPU
	EndGlobalSection
	GlobalSection(ProjectConfigurationPlatforms) = postSolution
		{C1D53477-0117-48EF-A13D-A0225F0F50CA}.Debug|Any CPU.ActiveCfg = Debug|Any CPU
		{C1D53477-0117-48EF-A13D-A0225F0F50CA}.Debug|Any CPU.Build.0 = Debug|Any CPU
		{C1D53477-0117-48EF-A13D-A0225F0F50CA}.Release|Any CPU.ActiveCfg = Release|Any CPU
		{C1D53477-0117-48EF-A13D-A0225F0F50CA}.Release|Any CPU.Build.0 = Release|Any CPU
		{C7A37830-B878-4008-A988-D7294D47F44D}.Debug|Any CPU.ActiveCfg = Debug|Any CPU
		{C7A37830-B878-4008-A988-D7294D47F44D}.Debug|Any CPU.Build.0 = Debug|Any CPU
		{C7A37830-B878-4008-A988-D7294D47F44D}.Release|Any CPU.ActiveCfg = Release|Any CPU
		{C7A37830-B878-4008-A988-D7294D47F44D}.Release|Any CPU.Build.0 = Release|Any CPU
		{F89CC613-0C7A-4936-9D79-86CBBF26593E}.Debug|Any CPU.ActiveCfg = Debug|Any CPU
		{F89CC613-0C7A-4936-9D79-86CBBF26593E}.Debug|Any CPU.Build.0 = Debug|Any CPU
		{F89CC613-0C7A-4936-9D79-86CBBF26593E}.Release|Any CPU.ActiveCfg = Release|Any CPU
		{F89CC613-0C7A-4936-9D79-86CBBF26593E}.Release|Any CPU.Build.0 = Release|Any CPU
		{6967FE1C-5953-4416-889C-FF10AE1F7DD1}.Debug|Any CPU.ActiveCfg = Debug|Any CPU
		{6967FE1C-5953-4416-889C-FF10AE1F7DD1}.Debug|Any CPU.Build.0 = Debug|Any CPU
		{6967FE1C-5953-4416-889C-FF10AE1F7DD1}.Release|Any CPU.ActiveCfg = Release|Any CPU
		{6967FE1C-5953-4416-889C-FF10AE1F7DD1}.Release|Any CPU.Build.0 = Release|Any CPU
		{C2ACC8B3-1805-45D2-B32B-CCBA545AA09F}.Debug|Any CPU.ActiveCfg = Debug|Any CPU
		{C2ACC8B3-1805-45D2-B32B-CCBA545AA09F}.Debug|Any CPU.Build.0 = Debug|Any CPU
		{C2ACC8B3-1805-45D2-B32B-CCBA545AA09F}.Release|Any CPU.ActiveCfg = Release|Any CPU
		{C2ACC8B3-1805-45D2-B32B-CCBA545AA09F}.Release|Any CPU.Build.0 = Release|Any CPU
		{38F87B47-C903-477A-A9A3-6AD1A2CE1C09}.Debug|Any CPU.ActiveCfg = Debug|Any CPU
		{38F87B47-C903-477A-A9A3-6AD1A2CE1C09}.Debug|Any CPU.Build.0 = Debug|Any CPU
		{38F87B47-C903-477A-A9A3-6AD1A2CE1C09}.Release|Any CPU.ActiveCfg = Release|Any CPU
		{38F87B47-C903-477A-A9A3-6AD1A2CE1C09}.Release|Any CPU.Build.0 = Release|Any CPU
		{1D0655D3-D4BC-4155-B180-ABD09FF47BD2}.Debug|Any CPU.ActiveCfg = Debug|Any CPU
		{1D0655D3-D4BC-4155-B180-ABD09FF47BD2}.Debug|Any CPU.Build.0 = Debug|Any CPU
		{1D0655D3-D4BC-4155-B180-ABD09FF47BD2}.Release|Any CPU.ActiveCfg = Release|Any CPU
		{1D0655D3-D4BC-4155-B180-ABD09FF47BD2}.Release|Any CPU.Build.0 = Release|Any CPU
		{5D6B114D-5254-4856-8001-EB2043A8DE16}.Debug|Any CPU.ActiveCfg = Debug|Any CPU
		{5D6B114D-5254-4856-8001-EB2043A8DE16}.Debug|Any CPU.Build.0 = Debug|Any CPU
		{5D6B114D-5254-4856-8001-EB2043A8DE16}.Release|Any CPU.ActiveCfg = Release|Any CPU
		{5D6B114D-5254-4856-8001-EB2043A8DE16}.Release|Any CPU.Build.0 = Release|Any CPU
		{F7C6FEEE-1D20-4A7E-BC4C-94E1BDE04E95}.Debug|Any CPU.ActiveCfg = Debug|Any CPU
		{F7C6FEEE-1D20-4A7E-BC4C-94E1BDE04E95}.Debug|Any CPU.Build.0 = Debug|Any CPU
		{F7C6FEEE-1D20-4A7E-BC4C-94E1BDE04E95}.Release|Any CPU.ActiveCfg = Release|Any CPU
		{F7C6FEEE-1D20-4A7E-BC4C-94E1BDE04E95}.Release|Any CPU.Build.0 = Release|Any CPU
		{38B159EB-CF44-4A4F-948A-E238D7FAE28E}.Debug|Any CPU.ActiveCfg = Debug|Any CPU
		{38B159EB-CF44-4A4F-948A-E238D7FAE28E}.Debug|Any CPU.Build.0 = Debug|Any CPU
		{38B159EB-CF44-4A4F-948A-E238D7FAE28E}.Release|Any CPU.ActiveCfg = Release|Any CPU
		{38B159EB-CF44-4A4F-948A-E238D7FAE28E}.Release|Any CPU.Build.0 = Release|Any CPU
		{81A8703E-031C-422C-804B-34B3BAF834A6}.Debug|Any CPU.ActiveCfg = Debug|Any CPU
		{81A8703E-031C-422C-804B-34B3BAF834A6}.Debug|Any CPU.Build.0 = Debug|Any CPU
		{81A8703E-031C-422C-804B-34B3BAF834A6}.Release|Any CPU.ActiveCfg = Release|Any CPU
		{81A8703E-031C-422C-804B-34B3BAF834A6}.Release|Any CPU.Build.0 = Release|Any CPU
		{C213C3DE-5C6D-482A-89E7-16B3AC79D748}.Debug|Any CPU.ActiveCfg = Debug|Any CPU
		{C213C3DE-5C6D-482A-89E7-16B3AC79D748}.Debug|Any CPU.Build.0 = Debug|Any CPU
		{C213C3DE-5C6D-482A-89E7-16B3AC79D748}.Release|Any CPU.ActiveCfg = Release|Any CPU
		{C213C3DE-5C6D-482A-89E7-16B3AC79D748}.Release|Any CPU.Build.0 = Release|Any CPU
		{D24DBB87-1E3D-4080-ABFB-B21CBDDACD87}.Debug|Any CPU.ActiveCfg = Debug|Any CPU
		{D24DBB87-1E3D-4080-ABFB-B21CBDDACD87}.Debug|Any CPU.Build.0 = Debug|Any CPU
		{D24DBB87-1E3D-4080-ABFB-B21CBDDACD87}.Release|Any CPU.ActiveCfg = Release|Any CPU
		{D24DBB87-1E3D-4080-ABFB-B21CBDDACD87}.Release|Any CPU.Build.0 = Release|Any CPU
		{7895D6CA-28F4-47D0-8C57-03B4D05DF9F6}.Debug|Any CPU.ActiveCfg = Debug|Any CPU
		{7895D6CA-28F4-47D0-8C57-03B4D05DF9F6}.Debug|Any CPU.Build.0 = Debug|Any CPU
		{7895D6CA-28F4-47D0-8C57-03B4D05DF9F6}.Release|Any CPU.ActiveCfg = Release|Any CPU
		{7895D6CA-28F4-47D0-8C57-03B4D05DF9F6}.Release|Any CPU.Build.0 = Release|Any CPU
		{CBBDC35F-DCA3-453C-A9E3-29EE7E43DE85}.Debug|Any CPU.ActiveCfg = Debug|Any CPU
		{CBBDC35F-DCA3-453C-A9E3-29EE7E43DE85}.Debug|Any CPU.Build.0 = Debug|Any CPU
		{CBBDC35F-DCA3-453C-A9E3-29EE7E43DE85}.Release|Any CPU.ActiveCfg = Release|Any CPU
		{CBBDC35F-DCA3-453C-A9E3-29EE7E43DE85}.Release|Any CPU.Build.0 = Release|Any CPU
		{49BA1C69-6104-41AC-A5D8-B54FA9F696E8}.Debug|Any CPU.ActiveCfg = Debug|Any CPU
		{49BA1C69-6104-41AC-A5D8-B54FA9F696E8}.Debug|Any CPU.Build.0 = Debug|Any CPU
		{49BA1C69-6104-41AC-A5D8-B54FA9F696E8}.Release|Any CPU.ActiveCfg = Release|Any CPU
		{49BA1C69-6104-41AC-A5D8-B54FA9F696E8}.Release|Any CPU.Build.0 = Release|Any CPU
		{76FDED5B-2C12-453E-B499-CB669E55AD5B}.Debug|Any CPU.ActiveCfg = Debug|Any CPU
		{76FDED5B-2C12-453E-B499-CB669E55AD5B}.Debug|Any CPU.Build.0 = Debug|Any CPU
		{76FDED5B-2C12-453E-B499-CB669E55AD5B}.Release|Any CPU.ActiveCfg = Release|Any CPU
		{76FDED5B-2C12-453E-B499-CB669E55AD5B}.Release|Any CPU.Build.0 = Release|Any CPU
		{2F0BFBA3-2D0F-48C5-84AF-FF82986913FB}.Debug|Any CPU.ActiveCfg = Debug|Any CPU
		{2F0BFBA3-2D0F-48C5-84AF-FF82986913FB}.Debug|Any CPU.Build.0 = Debug|Any CPU
		{2F0BFBA3-2D0F-48C5-84AF-FF82986913FB}.Release|Any CPU.ActiveCfg = Release|Any CPU
		{2F0BFBA3-2D0F-48C5-84AF-FF82986913FB}.Release|Any CPU.Build.0 = Release|Any CPU
		{D7F08E5D-94FF-4027-8430-DAE17199B568}.Debug|Any CPU.ActiveCfg = Debug|Any CPU
		{D7F08E5D-94FF-4027-8430-DAE17199B568}.Debug|Any CPU.Build.0 = Debug|Any CPU
		{D7F08E5D-94FF-4027-8430-DAE17199B568}.Release|Any CPU.ActiveCfg = Release|Any CPU
		{D7F08E5D-94FF-4027-8430-DAE17199B568}.Release|Any CPU.Build.0 = Release|Any CPU
		{C293DB32-FA42-486D-B128-5A12522FAE4E}.Debug|Any CPU.ActiveCfg = Debug|Any CPU
		{C293DB32-FA42-486D-B128-5A12522FAE4E}.Debug|Any CPU.Build.0 = Debug|Any CPU
		{C293DB32-FA42-486D-B128-5A12522FAE4E}.Release|Any CPU.ActiveCfg = Release|Any CPU
		{C293DB32-FA42-486D-B128-5A12522FAE4E}.Release|Any CPU.Build.0 = Release|Any CPU
	EndGlobalSection
	GlobalSection(NestedProjects) = preSolution
		{38B159EB-CF44-4A4F-948A-E238D7FAE28E} = {953F895D-0AAD-4427-B912-71215C04BEFD}
		{81A8703E-031C-422C-804B-34B3BAF834A6} = {953F895D-0AAD-4427-B912-71215C04BEFD}
		{C213C3DE-5C6D-482A-89E7-16B3AC79D748} = {953F895D-0AAD-4427-B912-71215C04BEFD}
		{D24DBB87-1E3D-4080-ABFB-B21CBDDACD87} = {6CED24D8-885B-4ACC-8EC2-71A5629CB0C9}
		{7895D6CA-28F4-47D0-8C57-03B4D05DF9F6} = {6CED24D8-885B-4ACC-8EC2-71A5629CB0C9}
		{CBBDC35F-DCA3-453C-A9E3-29EE7E43DE85} = {6CED24D8-885B-4ACC-8EC2-71A5629CB0C9}
		{49BA1C69-6104-41AC-A5D8-B54FA9F696E8} = {6CED24D8-885B-4ACC-8EC2-71A5629CB0C9}
		{76FDED5B-2C12-453E-B499-CB669E55AD5B} = {6CED24D8-885B-4ACC-8EC2-71A5629CB0C9}
		{C293DB32-FA42-486D-B128-5A12522FAE4E} = {6CED24D8-885B-4ACC-8EC2-71A5629CB0C9}
	EndGlobalSection
EndGlobal
