
Microsoft Visual Studio Solution File, Format Version 12.00
# Visual Studio 14
VisualStudioVersion = 14.0.25420.1
MinimumVisualStudioVersion = 10.0.40219.1
Project("{FAE04EC0-301F-11D3-BF4B-00C04F79EFBC}") = "Launcher", "Launcher\Launcher.csproj", "{5D6B114D-5254-4856-8001-EB2043A8DE16}"
EndProject
Project("{FAE04EC0-301F-11D3-BF4B-00C04F79EFBC}") = "LibreLancer", "LibreLancer\LibreLancer.csproj", "{C1D53477-0117-48EF-A13D-A0225F0F50CA}"
EndProject
Project("{FAE04EC0-301F-11D3-BF4B-00C04F79EFBC}") = "LibreLancer.Thorn", "LibreLancer.Thorn\LibreLancer.Thorn.csproj", "{1D0655D3-D4BC-4155-B180-ABD09FF47BD2}"
EndProject
Project("{FAE04EC0-301F-11D3-BF4B-00C04F79EFBC}") = "LibreLancer.Base", "LibreLancer.Base\LibreLancer.Base.csproj", "{C7A37830-B878-4008-A988-D7294D47F44D}"
EndProject
Project("{FAE04EC0-301F-11D3-BF4B-00C04F79EFBC}") = "LibreLancer.Media", "LibreLancer.Media\LibreLancer.Media.csproj", "{38F87B47-C903-477A-A9A3-6AD1A2CE1C09}"
EndProject
Project("{2150E333-8FDC-42A3-9474-1A3956D46DE8}") = "External", "External", "{90A9388C-60E5-4BFD-B36A-D4E2A8E64DF3}"
EndProject
Project("{FAE04EC0-301F-11D3-BF4B-00C04F79EFBC}") = "Jitter", "..\extern\jitterphysics\source\Jitter\Jitter.csproj", "{AA03EF1A-94F7-4D30-AB14-2092863FF923}"
EndProject
Project("{FAE04EC0-301F-11D3-BF4B-00C04F79EFBC}") = "SharpFont", "..\extern\SharpFont\Source\SharpFont\SharpFont.csproj", "{C293DB32-FA42-486D-B128-5A12522FAE4E}"
EndProject
Project("{FAE04EC0-301F-11D3-BF4B-00C04F79EFBC}") = "FontConfigSharp", "..\extern\FontConfigSharp\FontConfigSharp\FontConfigSharp.csproj", "{CBBDC35F-DCA3-453C-A9E3-29EE7E43DE85}"
EndProject
Project("{FAE04EC0-301F-11D3-BF4B-00C04F79EFBC}") = "LibreLancer.Compatibility", "LibreLancer.Compatibility\LibreLancer.Compatibility.csproj", "{F89CC613-0C7A-4936-9D79-86CBBF26593E}"
EndProject
Project("{FAE04EC0-301F-11D3-BF4B-00C04F79EFBC}") = "LibreLancer.ImageLib", "LibreLancer.ImageLib\LibreLancer.ImageLib.csproj", "{6967FE1C-5953-4416-889C-FF10AE1F7DD1}"
EndProject
Project("{2150E333-8FDC-42A3-9474-1A3956D46DE8}") = "Docs", "Docs", "{3F1482D4-A1B0-48D0-870B-6B2FB71D5519}"
	ProjectSection(SolutionItems) = preProject
		..\LICENSE = ..\LICENSE
		..\README.md = ..\README.md
	EndProjectSection
EndProject
Project("{FAE04EC0-301F-11D3-BF4B-00C04F79EFBC}") = "MP3Sharp", "..\extern\MP3Sharp\MP3Sharp\MP3Sharp.csproj", "{BF3B29F8-DA04-4973-93DB-144A5BBE2472}"
EndProject
Project("{FAE04EC0-301F-11D3-BF4B-00C04F79EFBC}") = "Launcher.Mac", "Launcher.Mac\Launcher.Mac.csproj", "{8DB6F9A3-E9E4-48A1-84A1-7CD16B7CC9FE}"
EndProject
Project("{2150E333-8FDC-42A3-9474-1A3956D46DE8}") = "Solution Items", "Solution Items", "{5AB191E6-F3C1-4DA7-B19F-4564176D1E70}"
EndProject
Global
	GlobalSection(Performance) = preSolution
		HasPerformanceSessions = true
	EndGlobalSection
	GlobalSection(SharedMSBuildProjectFiles) = preSolution
		..\extern\SharpFont\Source\SharpFontShared\SharpFontShared.projitems*{c293db32-fa42-486d-b128-5a12522fae4e}*SharedItemsImports = 4
	EndGlobalSection
	GlobalSection(SolutionConfigurationPlatforms) = preSolution
		Debug|Any CPU = Debug|Any CPU
		Debug|x64 = Debug|x64
		Debug|x86 = Debug|x86
		DebugMinimal|Any CPU = DebugMinimal|Any CPU
		DebugMinimal|x64 = DebugMinimal|x64
		DebugMinimal|x86 = DebugMinimal|x86
		Debug-OSX|Any CPU = Debug-OSX|Any CPU
		Debug-OSX|x64 = Debug-OSX|x64
		Debug-OSX|x86 = Debug-OSX|x86
		Documentation|Any CPU = Documentation|Any CPU
		Documentation|x64 = Documentation|x64
		Documentation|x86 = Documentation|x86
		Nsis|Any CPU = Nsis|Any CPU
		Nsis|x64 = Nsis|x64
		Nsis|x86 = Nsis|x86
		Release|Any CPU = Release|Any CPU
		Release|x64 = Release|x64
		Release|x86 = Release|x86
		ReleaseMinimal|Any CPU = ReleaseMinimal|Any CPU
		ReleaseMinimal|x64 = ReleaseMinimal|x64
		ReleaseMinimal|x86 = ReleaseMinimal|x86
	EndGlobalSection
	GlobalSection(ProjectConfigurationPlatforms) = postSolution
		{5D6B114D-5254-4856-8001-EB2043A8DE16}.Debug|Any CPU.ActiveCfg = Debug|Any CPU
		{5D6B114D-5254-4856-8001-EB2043A8DE16}.Debug|Any CPU.Build.0 = Debug|Any CPU
		{5D6B114D-5254-4856-8001-EB2043A8DE16}.Debug|x64.ActiveCfg = Debug|x64
		{5D6B114D-5254-4856-8001-EB2043A8DE16}.Debug|x64.Build.0 = Debug|x64
		{5D6B114D-5254-4856-8001-EB2043A8DE16}.Debug|x86.ActiveCfg = Debug|Any CPU
		{5D6B114D-5254-4856-8001-EB2043A8DE16}.Debug|x86.Build.0 = Debug|Any CPU
		{5D6B114D-5254-4856-8001-EB2043A8DE16}.DebugMinimal|Any CPU.ActiveCfg = Debug|Any CPU
		{5D6B114D-5254-4856-8001-EB2043A8DE16}.DebugMinimal|Any CPU.Build.0 = Debug|Any CPU
		{5D6B114D-5254-4856-8001-EB2043A8DE16}.DebugMinimal|x64.ActiveCfg = Debug-OSX|Any CPU
		{5D6B114D-5254-4856-8001-EB2043A8DE16}.DebugMinimal|x64.Build.0 = Debug-OSX|Any CPU
		{5D6B114D-5254-4856-8001-EB2043A8DE16}.DebugMinimal|x86.ActiveCfg = Debug-OSX|Any CPU
		{5D6B114D-5254-4856-8001-EB2043A8DE16}.DebugMinimal|x86.Build.0 = Debug-OSX|Any CPU
		{5D6B114D-5254-4856-8001-EB2043A8DE16}.Debug-OSX|Any CPU.ActiveCfg = Debug-OSX|Any CPU
		{5D6B114D-5254-4856-8001-EB2043A8DE16}.Debug-OSX|Any CPU.Build.0 = Debug-OSX|Any CPU
		{5D6B114D-5254-4856-8001-EB2043A8DE16}.Debug-OSX|x64.ActiveCfg = Debug-OSX|Any CPU
		{5D6B114D-5254-4856-8001-EB2043A8DE16}.Debug-OSX|x64.Build.0 = Debug-OSX|Any CPU
		{5D6B114D-5254-4856-8001-EB2043A8DE16}.Debug-OSX|x86.ActiveCfg = Debug-OSX|Any CPU
		{5D6B114D-5254-4856-8001-EB2043A8DE16}.Debug-OSX|x86.Build.0 = Debug-OSX|Any CPU
		{5D6B114D-5254-4856-8001-EB2043A8DE16}.Documentation|Any CPU.ActiveCfg = Debug|Any CPU
		{5D6B114D-5254-4856-8001-EB2043A8DE16}.Documentation|Any CPU.Build.0 = Debug|Any CPU
		{5D6B114D-5254-4856-8001-EB2043A8DE16}.Documentation|x64.ActiveCfg = Debug-OSX|Any CPU
		{5D6B114D-5254-4856-8001-EB2043A8DE16}.Documentation|x64.Build.0 = Debug-OSX|Any CPU
		{5D6B114D-5254-4856-8001-EB2043A8DE16}.Documentation|x86.ActiveCfg = Debug-OSX|Any CPU
		{5D6B114D-5254-4856-8001-EB2043A8DE16}.Documentation|x86.Build.0 = Debug-OSX|Any CPU
		{5D6B114D-5254-4856-8001-EB2043A8DE16}.Nsis|Any CPU.ActiveCfg = Debug|Any CPU
		{5D6B114D-5254-4856-8001-EB2043A8DE16}.Nsis|Any CPU.Build.0 = Debug|Any CPU
		{5D6B114D-5254-4856-8001-EB2043A8DE16}.Nsis|x64.ActiveCfg = Release|Any CPU
		{5D6B114D-5254-4856-8001-EB2043A8DE16}.Nsis|x64.Build.0 = Release|Any CPU
		{5D6B114D-5254-4856-8001-EB2043A8DE16}.Nsis|x86.ActiveCfg = Release|Any CPU
		{5D6B114D-5254-4856-8001-EB2043A8DE16}.Nsis|x86.Build.0 = Release|Any CPU
		{5D6B114D-5254-4856-8001-EB2043A8DE16}.Release|Any CPU.ActiveCfg = Release|Any CPU
		{5D6B114D-5254-4856-8001-EB2043A8DE16}.Release|Any CPU.Build.0 = Release|Any CPU
		{5D6B114D-5254-4856-8001-EB2043A8DE16}.Release|x64.ActiveCfg = Release|x64
		{5D6B114D-5254-4856-8001-EB2043A8DE16}.Release|x64.Build.0 = Release|x64
		{5D6B114D-5254-4856-8001-EB2043A8DE16}.Release|x86.ActiveCfg = Release|Any CPU
		{5D6B114D-5254-4856-8001-EB2043A8DE16}.Release|x86.Build.0 = Release|Any CPU
		{5D6B114D-5254-4856-8001-EB2043A8DE16}.ReleaseMinimal|Any CPU.ActiveCfg = Debug|Any CPU
		{5D6B114D-5254-4856-8001-EB2043A8DE16}.ReleaseMinimal|Any CPU.Build.0 = Debug|Any CPU
		{5D6B114D-5254-4856-8001-EB2043A8DE16}.ReleaseMinimal|x64.ActiveCfg = Release|Any CPU
		{5D6B114D-5254-4856-8001-EB2043A8DE16}.ReleaseMinimal|x64.Build.0 = Release|Any CPU
		{5D6B114D-5254-4856-8001-EB2043A8DE16}.ReleaseMinimal|x86.ActiveCfg = Release|Any CPU
		{5D6B114D-5254-4856-8001-EB2043A8DE16}.ReleaseMinimal|x86.Build.0 = Release|Any CPU
		{C1D53477-0117-48EF-A13D-A0225F0F50CA}.Debug|Any CPU.ActiveCfg = Debug|Any CPU
		{C1D53477-0117-48EF-A13D-A0225F0F50CA}.Debug|Any CPU.Build.0 = Debug|Any CPU
		{C1D53477-0117-48EF-A13D-A0225F0F50CA}.Debug|x64.ActiveCfg = Debug|Any CPU
		{C1D53477-0117-48EF-A13D-A0225F0F50CA}.Debug|x64.Build.0 = Debug|Any CPU
		{C1D53477-0117-48EF-A13D-A0225F0F50CA}.Debug|x86.ActiveCfg = Debug|Any CPU
		{C1D53477-0117-48EF-A13D-A0225F0F50CA}.Debug|x86.Build.0 = Debug|Any CPU
		{C1D53477-0117-48EF-A13D-A0225F0F50CA}.DebugMinimal|Any CPU.ActiveCfg = Debug|Any CPU
		{C1D53477-0117-48EF-A13D-A0225F0F50CA}.DebugMinimal|Any CPU.Build.0 = Debug|Any CPU
		{C1D53477-0117-48EF-A13D-A0225F0F50CA}.DebugMinimal|x64.ActiveCfg = Debug-OSX|Any CPU
		{C1D53477-0117-48EF-A13D-A0225F0F50CA}.DebugMinimal|x64.Build.0 = Debug-OSX|Any CPU
		{C1D53477-0117-48EF-A13D-A0225F0F50CA}.DebugMinimal|x86.ActiveCfg = Debug-OSX|Any CPU
		{C1D53477-0117-48EF-A13D-A0225F0F50CA}.DebugMinimal|x86.Build.0 = Debug-OSX|Any CPU
		{C1D53477-0117-48EF-A13D-A0225F0F50CA}.Debug-OSX|Any CPU.ActiveCfg = Debug-OSX|Any CPU
		{C1D53477-0117-48EF-A13D-A0225F0F50CA}.Debug-OSX|Any CPU.Build.0 = Debug-OSX|Any CPU
		{C1D53477-0117-48EF-A13D-A0225F0F50CA}.Debug-OSX|x64.ActiveCfg = Debug-OSX|Any CPU
		{C1D53477-0117-48EF-A13D-A0225F0F50CA}.Debug-OSX|x64.Build.0 = Debug-OSX|Any CPU
		{C1D53477-0117-48EF-A13D-A0225F0F50CA}.Debug-OSX|x86.ActiveCfg = Debug-OSX|Any CPU
		{C1D53477-0117-48EF-A13D-A0225F0F50CA}.Debug-OSX|x86.Build.0 = Debug-OSX|Any CPU
		{C1D53477-0117-48EF-A13D-A0225F0F50CA}.Documentation|Any CPU.ActiveCfg = Debug|Any CPU
		{C1D53477-0117-48EF-A13D-A0225F0F50CA}.Documentation|Any CPU.Build.0 = Debug|Any CPU
		{C1D53477-0117-48EF-A13D-A0225F0F50CA}.Documentation|x64.ActiveCfg = Debug-OSX|Any CPU
		{C1D53477-0117-48EF-A13D-A0225F0F50CA}.Documentation|x64.Build.0 = Debug-OSX|Any CPU
		{C1D53477-0117-48EF-A13D-A0225F0F50CA}.Documentation|x86.ActiveCfg = Debug-OSX|Any CPU
		{C1D53477-0117-48EF-A13D-A0225F0F50CA}.Documentation|x86.Build.0 = Debug-OSX|Any CPU
		{C1D53477-0117-48EF-A13D-A0225F0F50CA}.Nsis|Any CPU.ActiveCfg = Debug|Any CPU
		{C1D53477-0117-48EF-A13D-A0225F0F50CA}.Nsis|Any CPU.Build.0 = Debug|Any CPU
		{C1D53477-0117-48EF-A13D-A0225F0F50CA}.Nsis|x64.ActiveCfg = Release|Any CPU
		{C1D53477-0117-48EF-A13D-A0225F0F50CA}.Nsis|x64.Build.0 = Release|Any CPU
		{C1D53477-0117-48EF-A13D-A0225F0F50CA}.Nsis|x86.ActiveCfg = Release|Any CPU
		{C1D53477-0117-48EF-A13D-A0225F0F50CA}.Nsis|x86.Build.0 = Release|Any CPU
		{C1D53477-0117-48EF-A13D-A0225F0F50CA}.Release|Any CPU.ActiveCfg = Release|Any CPU
		{C1D53477-0117-48EF-A13D-A0225F0F50CA}.Release|Any CPU.Build.0 = Release|Any CPU
		{C1D53477-0117-48EF-A13D-A0225F0F50CA}.Release|x64.ActiveCfg = Release|x64
		{C1D53477-0117-48EF-A13D-A0225F0F50CA}.Release|x64.Build.0 = Release|x64
		{C1D53477-0117-48EF-A13D-A0225F0F50CA}.Release|x86.ActiveCfg = Release|Any CPU
		{C1D53477-0117-48EF-A13D-A0225F0F50CA}.Release|x86.Build.0 = Release|Any CPU
		{C1D53477-0117-48EF-A13D-A0225F0F50CA}.ReleaseMinimal|Any CPU.ActiveCfg = Debug|Any CPU
		{C1D53477-0117-48EF-A13D-A0225F0F50CA}.ReleaseMinimal|Any CPU.Build.0 = Debug|Any CPU
		{C1D53477-0117-48EF-A13D-A0225F0F50CA}.ReleaseMinimal|x64.ActiveCfg = Release|Any CPU
		{C1D53477-0117-48EF-A13D-A0225F0F50CA}.ReleaseMinimal|x64.Build.0 = Release|Any CPU
		{C1D53477-0117-48EF-A13D-A0225F0F50CA}.ReleaseMinimal|x86.ActiveCfg = Release|Any CPU
		{C1D53477-0117-48EF-A13D-A0225F0F50CA}.ReleaseMinimal|x86.Build.0 = Release|Any CPU
		{1D0655D3-D4BC-4155-B180-ABD09FF47BD2}.Debug|Any CPU.ActiveCfg = Debug|Any CPU
		{1D0655D3-D4BC-4155-B180-ABD09FF47BD2}.Debug|Any CPU.Build.0 = Debug|Any CPU
		{1D0655D3-D4BC-4155-B180-ABD09FF47BD2}.Debug|x64.ActiveCfg = Debug|Any CPU
		{1D0655D3-D4BC-4155-B180-ABD09FF47BD2}.Debug|x64.Build.0 = Debug|Any CPU
		{1D0655D3-D4BC-4155-B180-ABD09FF47BD2}.Debug|x86.ActiveCfg = Debug|Any CPU
		{1D0655D3-D4BC-4155-B180-ABD09FF47BD2}.Debug|x86.Build.0 = Debug|Any CPU
		{1D0655D3-D4BC-4155-B180-ABD09FF47BD2}.DebugMinimal|Any CPU.ActiveCfg = Debug|Any CPU
		{1D0655D3-D4BC-4155-B180-ABD09FF47BD2}.DebugMinimal|Any CPU.Build.0 = Debug|Any CPU
		{1D0655D3-D4BC-4155-B180-ABD09FF47BD2}.DebugMinimal|x64.ActiveCfg = Debug-OSX|Any CPU
		{1D0655D3-D4BC-4155-B180-ABD09FF47BD2}.DebugMinimal|x64.Build.0 = Debug-OSX|Any CPU
		{1D0655D3-D4BC-4155-B180-ABD09FF47BD2}.DebugMinimal|x86.ActiveCfg = Debug-OSX|Any CPU
		{1D0655D3-D4BC-4155-B180-ABD09FF47BD2}.DebugMinimal|x86.Build.0 = Debug-OSX|Any CPU
		{1D0655D3-D4BC-4155-B180-ABD09FF47BD2}.Debug-OSX|Any CPU.ActiveCfg = Debug-OSX|Any CPU
		{1D0655D3-D4BC-4155-B180-ABD09FF47BD2}.Debug-OSX|Any CPU.Build.0 = Debug-OSX|Any CPU
		{1D0655D3-D4BC-4155-B180-ABD09FF47BD2}.Debug-OSX|x64.ActiveCfg = Debug-OSX|Any CPU
		{1D0655D3-D4BC-4155-B180-ABD09FF47BD2}.Debug-OSX|x64.Build.0 = Debug-OSX|Any CPU
		{1D0655D3-D4BC-4155-B180-ABD09FF47BD2}.Debug-OSX|x86.ActiveCfg = Debug-OSX|Any CPU
		{1D0655D3-D4BC-4155-B180-ABD09FF47BD2}.Debug-OSX|x86.Build.0 = Debug-OSX|Any CPU
		{1D0655D3-D4BC-4155-B180-ABD09FF47BD2}.Documentation|Any CPU.ActiveCfg = Debug|Any CPU
		{1D0655D3-D4BC-4155-B180-ABD09FF47BD2}.Documentation|Any CPU.Build.0 = Debug|Any CPU
		{1D0655D3-D4BC-4155-B180-ABD09FF47BD2}.Documentation|x64.ActiveCfg = Debug-OSX|Any CPU
		{1D0655D3-D4BC-4155-B180-ABD09FF47BD2}.Documentation|x64.Build.0 = Debug-OSX|Any CPU
		{1D0655D3-D4BC-4155-B180-ABD09FF47BD2}.Documentation|x86.ActiveCfg = Debug-OSX|Any CPU
		{1D0655D3-D4BC-4155-B180-ABD09FF47BD2}.Documentation|x86.Build.0 = Debug-OSX|Any CPU
		{1D0655D3-D4BC-4155-B180-ABD09FF47BD2}.Nsis|Any CPU.ActiveCfg = Debug|Any CPU
		{1D0655D3-D4BC-4155-B180-ABD09FF47BD2}.Nsis|Any CPU.Build.0 = Debug|Any CPU
		{1D0655D3-D4BC-4155-B180-ABD09FF47BD2}.Nsis|x64.ActiveCfg = Release|Any CPU
		{1D0655D3-D4BC-4155-B180-ABD09FF47BD2}.Nsis|x64.Build.0 = Release|Any CPU
		{1D0655D3-D4BC-4155-B180-ABD09FF47BD2}.Nsis|x86.ActiveCfg = Release|Any CPU
		{1D0655D3-D4BC-4155-B180-ABD09FF47BD2}.Nsis|x86.Build.0 = Release|Any CPU
		{1D0655D3-D4BC-4155-B180-ABD09FF47BD2}.Release|Any CPU.ActiveCfg = Release|Any CPU
		{1D0655D3-D4BC-4155-B180-ABD09FF47BD2}.Release|Any CPU.Build.0 = Release|Any CPU
		{1D0655D3-D4BC-4155-B180-ABD09FF47BD2}.Release|x64.ActiveCfg = Release|x64
		{1D0655D3-D4BC-4155-B180-ABD09FF47BD2}.Release|x64.Build.0 = Release|x64
		{1D0655D3-D4BC-4155-B180-ABD09FF47BD2}.Release|x86.ActiveCfg = Release|Any CPU
		{1D0655D3-D4BC-4155-B180-ABD09FF47BD2}.Release|x86.Build.0 = Release|Any CPU
		{1D0655D3-D4BC-4155-B180-ABD09FF47BD2}.ReleaseMinimal|Any CPU.ActiveCfg = Debug|Any CPU
		{1D0655D3-D4BC-4155-B180-ABD09FF47BD2}.ReleaseMinimal|Any CPU.Build.0 = Debug|Any CPU
		{1D0655D3-D4BC-4155-B180-ABD09FF47BD2}.ReleaseMinimal|x64.ActiveCfg = Release|Any CPU
		{1D0655D3-D4BC-4155-B180-ABD09FF47BD2}.ReleaseMinimal|x64.Build.0 = Release|Any CPU
		{1D0655D3-D4BC-4155-B180-ABD09FF47BD2}.ReleaseMinimal|x86.ActiveCfg = Release|Any CPU
		{1D0655D3-D4BC-4155-B180-ABD09FF47BD2}.ReleaseMinimal|x86.Build.0 = Release|Any CPU
		{C7A37830-B878-4008-A988-D7294D47F44D}.Debug|Any CPU.ActiveCfg = Debug|Any CPU
		{C7A37830-B878-4008-A988-D7294D47F44D}.Debug|Any CPU.Build.0 = Debug|Any CPU
		{C7A37830-B878-4008-A988-D7294D47F44D}.Debug|x64.ActiveCfg = Debug|Any CPU
		{C7A37830-B878-4008-A988-D7294D47F44D}.Debug|x64.Build.0 = Debug|Any CPU
		{C7A37830-B878-4008-A988-D7294D47F44D}.Debug|x86.ActiveCfg = Debug|Any CPU
		{C7A37830-B878-4008-A988-D7294D47F44D}.Debug|x86.Build.0 = Debug|Any CPU
		{C7A37830-B878-4008-A988-D7294D47F44D}.DebugMinimal|Any CPU.ActiveCfg = Debug|Any CPU
		{C7A37830-B878-4008-A988-D7294D47F44D}.DebugMinimal|Any CPU.Build.0 = Debug|Any CPU
		{C7A37830-B878-4008-A988-D7294D47F44D}.DebugMinimal|x64.ActiveCfg = Debug-OSX|Any CPU
		{C7A37830-B878-4008-A988-D7294D47F44D}.DebugMinimal|x64.Build.0 = Debug-OSX|Any CPU
		{C7A37830-B878-4008-A988-D7294D47F44D}.DebugMinimal|x86.ActiveCfg = Debug-OSX|Any CPU
		{C7A37830-B878-4008-A988-D7294D47F44D}.DebugMinimal|x86.Build.0 = Debug-OSX|Any CPU
		{C7A37830-B878-4008-A988-D7294D47F44D}.Debug-OSX|Any CPU.ActiveCfg = Debug-OSX|Any CPU
		{C7A37830-B878-4008-A988-D7294D47F44D}.Debug-OSX|Any CPU.Build.0 = Debug-OSX|Any CPU
		{C7A37830-B878-4008-A988-D7294D47F44D}.Debug-OSX|x64.ActiveCfg = Debug-OSX|Any CPU
		{C7A37830-B878-4008-A988-D7294D47F44D}.Debug-OSX|x64.Build.0 = Debug-OSX|Any CPU
		{C7A37830-B878-4008-A988-D7294D47F44D}.Debug-OSX|x86.ActiveCfg = Debug-OSX|Any CPU
		{C7A37830-B878-4008-A988-D7294D47F44D}.Debug-OSX|x86.Build.0 = Debug-OSX|Any CPU
		{C7A37830-B878-4008-A988-D7294D47F44D}.Documentation|Any CPU.ActiveCfg = Debug|Any CPU
		{C7A37830-B878-4008-A988-D7294D47F44D}.Documentation|Any CPU.Build.0 = Debug|Any CPU
		{C7A37830-B878-4008-A988-D7294D47F44D}.Documentation|x64.ActiveCfg = Debug-OSX|Any CPU
		{C7A37830-B878-4008-A988-D7294D47F44D}.Documentation|x64.Build.0 = Debug-OSX|Any CPU
		{C7A37830-B878-4008-A988-D7294D47F44D}.Documentation|x86.ActiveCfg = Debug-OSX|Any CPU
		{C7A37830-B878-4008-A988-D7294D47F44D}.Documentation|x86.Build.0 = Debug-OSX|Any CPU
		{C7A37830-B878-4008-A988-D7294D47F44D}.Nsis|Any CPU.ActiveCfg = Debug|Any CPU
		{C7A37830-B878-4008-A988-D7294D47F44D}.Nsis|Any CPU.Build.0 = Debug|Any CPU
		{C7A37830-B878-4008-A988-D7294D47F44D}.Nsis|x64.ActiveCfg = Release|Any CPU
		{C7A37830-B878-4008-A988-D7294D47F44D}.Nsis|x64.Build.0 = Release|Any CPU
		{C7A37830-B878-4008-A988-D7294D47F44D}.Nsis|x86.ActiveCfg = Release|Any CPU
		{C7A37830-B878-4008-A988-D7294D47F44D}.Nsis|x86.Build.0 = Release|Any CPU
		{C7A37830-B878-4008-A988-D7294D47F44D}.Release|Any CPU.ActiveCfg = Release|Any CPU
		{C7A37830-B878-4008-A988-D7294D47F44D}.Release|Any CPU.Build.0 = Release|Any CPU
		{C7A37830-B878-4008-A988-D7294D47F44D}.Release|x64.ActiveCfg = Release|x64
		{C7A37830-B878-4008-A988-D7294D47F44D}.Release|x64.Build.0 = Release|x64
		{C7A37830-B878-4008-A988-D7294D47F44D}.Release|x86.ActiveCfg = Release|Any CPU
		{C7A37830-B878-4008-A988-D7294D47F44D}.Release|x86.Build.0 = Release|Any CPU
		{C7A37830-B878-4008-A988-D7294D47F44D}.ReleaseMinimal|Any CPU.ActiveCfg = Debug|Any CPU
		{C7A37830-B878-4008-A988-D7294D47F44D}.ReleaseMinimal|Any CPU.Build.0 = Debug|Any CPU
		{C7A37830-B878-4008-A988-D7294D47F44D}.ReleaseMinimal|x64.ActiveCfg = Release|Any CPU
		{C7A37830-B878-4008-A988-D7294D47F44D}.ReleaseMinimal|x64.Build.0 = Release|Any CPU
		{C7A37830-B878-4008-A988-D7294D47F44D}.ReleaseMinimal|x86.ActiveCfg = Release|Any CPU
		{C7A37830-B878-4008-A988-D7294D47F44D}.ReleaseMinimal|x86.Build.0 = Release|Any CPU
		{38F87B47-C903-477A-A9A3-6AD1A2CE1C09}.Debug|Any CPU.ActiveCfg = Debug|Any CPU
		{38F87B47-C903-477A-A9A3-6AD1A2CE1C09}.Debug|Any CPU.Build.0 = Debug|Any CPU
		{38F87B47-C903-477A-A9A3-6AD1A2CE1C09}.Debug|x64.ActiveCfg = Debug|Any CPU
		{38F87B47-C903-477A-A9A3-6AD1A2CE1C09}.Debug|x64.Build.0 = Debug|Any CPU
		{38F87B47-C903-477A-A9A3-6AD1A2CE1C09}.Debug|x86.ActiveCfg = Debug|Any CPU
		{38F87B47-C903-477A-A9A3-6AD1A2CE1C09}.Debug|x86.Build.0 = Debug|Any CPU
		{38F87B47-C903-477A-A9A3-6AD1A2CE1C09}.DebugMinimal|Any CPU.ActiveCfg = Debug|Any CPU
		{38F87B47-C903-477A-A9A3-6AD1A2CE1C09}.DebugMinimal|Any CPU.Build.0 = Debug|Any CPU
		{38F87B47-C903-477A-A9A3-6AD1A2CE1C09}.DebugMinimal|x64.ActiveCfg = Debug-OSX|Any CPU
		{38F87B47-C903-477A-A9A3-6AD1A2CE1C09}.DebugMinimal|x64.Build.0 = Debug-OSX|Any CPU
		{38F87B47-C903-477A-A9A3-6AD1A2CE1C09}.DebugMinimal|x86.ActiveCfg = Debug-OSX|Any CPU
		{38F87B47-C903-477A-A9A3-6AD1A2CE1C09}.DebugMinimal|x86.Build.0 = Debug-OSX|Any CPU
		{38F87B47-C903-477A-A9A3-6AD1A2CE1C09}.Debug-OSX|Any CPU.ActiveCfg = Debug-OSX|Any CPU
		{38F87B47-C903-477A-A9A3-6AD1A2CE1C09}.Debug-OSX|Any CPU.Build.0 = Debug-OSX|Any CPU
		{38F87B47-C903-477A-A9A3-6AD1A2CE1C09}.Debug-OSX|x64.ActiveCfg = Debug-OSX|Any CPU
		{38F87B47-C903-477A-A9A3-6AD1A2CE1C09}.Debug-OSX|x64.Build.0 = Debug-OSX|Any CPU
		{38F87B47-C903-477A-A9A3-6AD1A2CE1C09}.Debug-OSX|x86.ActiveCfg = Debug-OSX|Any CPU
		{38F87B47-C903-477A-A9A3-6AD1A2CE1C09}.Debug-OSX|x86.Build.0 = Debug-OSX|Any CPU
		{38F87B47-C903-477A-A9A3-6AD1A2CE1C09}.Documentation|Any CPU.ActiveCfg = Debug|Any CPU
		{38F87B47-C903-477A-A9A3-6AD1A2CE1C09}.Documentation|Any CPU.Build.0 = Debug|Any CPU
		{38F87B47-C903-477A-A9A3-6AD1A2CE1C09}.Documentation|x64.ActiveCfg = Debug-OSX|Any CPU
		{38F87B47-C903-477A-A9A3-6AD1A2CE1C09}.Documentation|x64.Build.0 = Debug-OSX|Any CPU
		{38F87B47-C903-477A-A9A3-6AD1A2CE1C09}.Documentation|x86.ActiveCfg = Debug-OSX|Any CPU
		{38F87B47-C903-477A-A9A3-6AD1A2CE1C09}.Documentation|x86.Build.0 = Debug-OSX|Any CPU
		{38F87B47-C903-477A-A9A3-6AD1A2CE1C09}.Nsis|Any CPU.ActiveCfg = Debug|Any CPU
		{38F87B47-C903-477A-A9A3-6AD1A2CE1C09}.Nsis|Any CPU.Build.0 = Debug|Any CPU
		{38F87B47-C903-477A-A9A3-6AD1A2CE1C09}.Nsis|x64.ActiveCfg = Release|Any CPU
		{38F87B47-C903-477A-A9A3-6AD1A2CE1C09}.Nsis|x64.Build.0 = Release|Any CPU
		{38F87B47-C903-477A-A9A3-6AD1A2CE1C09}.Nsis|x86.ActiveCfg = Release|Any CPU
		{38F87B47-C903-477A-A9A3-6AD1A2CE1C09}.Nsis|x86.Build.0 = Release|Any CPU
		{38F87B47-C903-477A-A9A3-6AD1A2CE1C09}.Release|Any CPU.ActiveCfg = Release|Any CPU
		{38F87B47-C903-477A-A9A3-6AD1A2CE1C09}.Release|Any CPU.Build.0 = Release|Any CPU
		{38F87B47-C903-477A-A9A3-6AD1A2CE1C09}.Release|x64.ActiveCfg = Release|x64
		{38F87B47-C903-477A-A9A3-6AD1A2CE1C09}.Release|x64.Build.0 = Release|x64
		{38F87B47-C903-477A-A9A3-6AD1A2CE1C09}.Release|x86.ActiveCfg = Release|Any CPU
		{38F87B47-C903-477A-A9A3-6AD1A2CE1C09}.Release|x86.Build.0 = Release|Any CPU
		{38F87B47-C903-477A-A9A3-6AD1A2CE1C09}.ReleaseMinimal|Any CPU.ActiveCfg = Debug|Any CPU
		{38F87B47-C903-477A-A9A3-6AD1A2CE1C09}.ReleaseMinimal|Any CPU.Build.0 = Debug|Any CPU
		{38F87B47-C903-477A-A9A3-6AD1A2CE1C09}.ReleaseMinimal|x64.ActiveCfg = Release|Any CPU
		{38F87B47-C903-477A-A9A3-6AD1A2CE1C09}.ReleaseMinimal|x64.Build.0 = Release|Any CPU
		{38F87B47-C903-477A-A9A3-6AD1A2CE1C09}.ReleaseMinimal|x86.ActiveCfg = Release|Any CPU
		{38F87B47-C903-477A-A9A3-6AD1A2CE1C09}.ReleaseMinimal|x86.Build.0 = Release|Any CPU
		{AA03EF1A-94F7-4D30-AB14-2092863FF923}.Debug|Any CPU.ActiveCfg = Debug|Any CPU
		{AA03EF1A-94F7-4D30-AB14-2092863FF923}.Debug|Any CPU.Build.0 = Debug|Any CPU
		{AA03EF1A-94F7-4D30-AB14-2092863FF923}.Debug|x64.ActiveCfg = Debug|Any CPU
		{AA03EF1A-94F7-4D30-AB14-2092863FF923}.Debug|x64.Build.0 = Debug|Any CPU
		{AA03EF1A-94F7-4D30-AB14-2092863FF923}.Debug|x86.ActiveCfg = Debug|Any CPU
		{AA03EF1A-94F7-4D30-AB14-2092863FF923}.Debug|x86.Build.0 = Debug|Any CPU
		{AA03EF1A-94F7-4D30-AB14-2092863FF923}.DebugMinimal|Any CPU.ActiveCfg = Debug|Any CPU
		{AA03EF1A-94F7-4D30-AB14-2092863FF923}.DebugMinimal|Any CPU.Build.0 = Debug|Any CPU
		{AA03EF1A-94F7-4D30-AB14-2092863FF923}.DebugMinimal|x64.ActiveCfg = Debug|Any CPU
		{AA03EF1A-94F7-4D30-AB14-2092863FF923}.DebugMinimal|x64.Build.0 = Debug|Any CPU
		{AA03EF1A-94F7-4D30-AB14-2092863FF923}.DebugMinimal|x86.ActiveCfg = Debug|Any CPU
		{AA03EF1A-94F7-4D30-AB14-2092863FF923}.DebugMinimal|x86.Build.0 = Debug|Any CPU
		{AA03EF1A-94F7-4D30-AB14-2092863FF923}.Debug-OSX|Any CPU.ActiveCfg = Debug|Any CPU
		{AA03EF1A-94F7-4D30-AB14-2092863FF923}.Debug-OSX|Any CPU.Build.0 = Debug|Any CPU
		{AA03EF1A-94F7-4D30-AB14-2092863FF923}.Debug-OSX|x64.ActiveCfg = Debug|Any CPU
		{AA03EF1A-94F7-4D30-AB14-2092863FF923}.Debug-OSX|x64.Build.0 = Debug|Any CPU
		{AA03EF1A-94F7-4D30-AB14-2092863FF923}.Debug-OSX|x86.ActiveCfg = Debug|Any CPU
		{AA03EF1A-94F7-4D30-AB14-2092863FF923}.Debug-OSX|x86.Build.0 = Debug|Any CPU
		{AA03EF1A-94F7-4D30-AB14-2092863FF923}.Documentation|Any CPU.ActiveCfg = Debug|Any CPU
		{AA03EF1A-94F7-4D30-AB14-2092863FF923}.Documentation|Any CPU.Build.0 = Debug|Any CPU
		{AA03EF1A-94F7-4D30-AB14-2092863FF923}.Documentation|x64.ActiveCfg = Debug|Any CPU
		{AA03EF1A-94F7-4D30-AB14-2092863FF923}.Documentation|x64.Build.0 = Debug|Any CPU
		{AA03EF1A-94F7-4D30-AB14-2092863FF923}.Documentation|x86.ActiveCfg = Debug|Any CPU
		{AA03EF1A-94F7-4D30-AB14-2092863FF923}.Documentation|x86.Build.0 = Debug|Any CPU
		{AA03EF1A-94F7-4D30-AB14-2092863FF923}.Nsis|Any CPU.ActiveCfg = Debug|Any CPU
		{AA03EF1A-94F7-4D30-AB14-2092863FF923}.Nsis|Any CPU.Build.0 = Debug|Any CPU
		{AA03EF1A-94F7-4D30-AB14-2092863FF923}.Nsis|x64.ActiveCfg = Release|Any CPU
		{AA03EF1A-94F7-4D30-AB14-2092863FF923}.Nsis|x64.Build.0 = Release|Any CPU
		{AA03EF1A-94F7-4D30-AB14-2092863FF923}.Nsis|x86.ActiveCfg = Release|Any CPU
		{AA03EF1A-94F7-4D30-AB14-2092863FF923}.Nsis|x86.Build.0 = Release|Any CPU
		{AA03EF1A-94F7-4D30-AB14-2092863FF923}.Release|Any CPU.ActiveCfg = Release|Any CPU
		{AA03EF1A-94F7-4D30-AB14-2092863FF923}.Release|Any CPU.Build.0 = Release|Any CPU
		{AA03EF1A-94F7-4D30-AB14-2092863FF923}.Release|x64.ActiveCfg = Release|x64
		{AA03EF1A-94F7-4D30-AB14-2092863FF923}.Release|x64.Build.0 = Release|x64
		{AA03EF1A-94F7-4D30-AB14-2092863FF923}.Release|x86.ActiveCfg = Release|Any CPU
		{AA03EF1A-94F7-4D30-AB14-2092863FF923}.Release|x86.Build.0 = Release|Any CPU
		{AA03EF1A-94F7-4D30-AB14-2092863FF923}.ReleaseMinimal|Any CPU.ActiveCfg = Debug|Any CPU
		{AA03EF1A-94F7-4D30-AB14-2092863FF923}.ReleaseMinimal|Any CPU.Build.0 = Debug|Any CPU
		{AA03EF1A-94F7-4D30-AB14-2092863FF923}.ReleaseMinimal|x64.ActiveCfg = Release|Any CPU
		{AA03EF1A-94F7-4D30-AB14-2092863FF923}.ReleaseMinimal|x64.Build.0 = Release|Any CPU
		{AA03EF1A-94F7-4D30-AB14-2092863FF923}.ReleaseMinimal|x86.ActiveCfg = Release|Any CPU
		{AA03EF1A-94F7-4D30-AB14-2092863FF923}.ReleaseMinimal|x86.Build.0 = Release|Any CPU
		{C293DB32-FA42-486D-B128-5A12522FAE4E}.Debug|Any CPU.ActiveCfg = Debug|Any CPU
		{C293DB32-FA42-486D-B128-5A12522FAE4E}.Debug|Any CPU.Build.0 = Debug|Any CPU
		{C293DB32-FA42-486D-B128-5A12522FAE4E}.Debug|x64.ActiveCfg = Debug|Any CPU
		{C293DB32-FA42-486D-B128-5A12522FAE4E}.Debug|x64.Build.0 = Debug|Any CPU
		{C293DB32-FA42-486D-B128-5A12522FAE4E}.Debug|x86.ActiveCfg = Debug|Any CPU
		{C293DB32-FA42-486D-B128-5A12522FAE4E}.Debug|x86.Build.0 = Debug|Any CPU
		{C293DB32-FA42-486D-B128-5A12522FAE4E}.DebugMinimal|Any CPU.ActiveCfg = Debug|Any CPU
		{C293DB32-FA42-486D-B128-5A12522FAE4E}.DebugMinimal|Any CPU.Build.0 = Debug|Any CPU
		{C293DB32-FA42-486D-B128-5A12522FAE4E}.DebugMinimal|x64.ActiveCfg = Debug|Any CPU
		{C293DB32-FA42-486D-B128-5A12522FAE4E}.DebugMinimal|x64.Build.0 = Debug|Any CPU
		{C293DB32-FA42-486D-B128-5A12522FAE4E}.DebugMinimal|x86.ActiveCfg = Debug|Any CPU
		{C293DB32-FA42-486D-B128-5A12522FAE4E}.DebugMinimal|x86.Build.0 = Debug|Any CPU
		{C293DB32-FA42-486D-B128-5A12522FAE4E}.Debug-OSX|Any CPU.ActiveCfg = Debug|Any CPU
		{C293DB32-FA42-486D-B128-5A12522FAE4E}.Debug-OSX|Any CPU.Build.0 = Debug|Any CPU
		{C293DB32-FA42-486D-B128-5A12522FAE4E}.Debug-OSX|x64.ActiveCfg = Debug|Any CPU
		{C293DB32-FA42-486D-B128-5A12522FAE4E}.Debug-OSX|x64.Build.0 = Debug|Any CPU
		{C293DB32-FA42-486D-B128-5A12522FAE4E}.Debug-OSX|x86.ActiveCfg = Debug|Any CPU
		{C293DB32-FA42-486D-B128-5A12522FAE4E}.Debug-OSX|x86.Build.0 = Debug|Any CPU
		{C293DB32-FA42-486D-B128-5A12522FAE4E}.Documentation|Any CPU.ActiveCfg = Debug|Any CPU
		{C293DB32-FA42-486D-B128-5A12522FAE4E}.Documentation|Any CPU.Build.0 = Debug|Any CPU
		{C293DB32-FA42-486D-B128-5A12522FAE4E}.Documentation|x64.ActiveCfg = Debug|Any CPU
		{C293DB32-FA42-486D-B128-5A12522FAE4E}.Documentation|x64.Build.0 = Debug|Any CPU
		{C293DB32-FA42-486D-B128-5A12522FAE4E}.Documentation|x86.ActiveCfg = Debug|Any CPU
		{C293DB32-FA42-486D-B128-5A12522FAE4E}.Documentation|x86.Build.0 = Debug|Any CPU
		{C293DB32-FA42-486D-B128-5A12522FAE4E}.Nsis|Any CPU.ActiveCfg = Debug|Any CPU
		{C293DB32-FA42-486D-B128-5A12522FAE4E}.Nsis|Any CPU.Build.0 = Debug|Any CPU
		{C293DB32-FA42-486D-B128-5A12522FAE4E}.Nsis|x64.ActiveCfg = Release|Any CPU
		{C293DB32-FA42-486D-B128-5A12522FAE4E}.Nsis|x64.Build.0 = Release|Any CPU
		{C293DB32-FA42-486D-B128-5A12522FAE4E}.Nsis|x86.ActiveCfg = Release|Any CPU
		{C293DB32-FA42-486D-B128-5A12522FAE4E}.Nsis|x86.Build.0 = Release|Any CPU
		{C293DB32-FA42-486D-B128-5A12522FAE4E}.Release|Any CPU.ActiveCfg = Release|Any CPU
		{C293DB32-FA42-486D-B128-5A12522FAE4E}.Release|Any CPU.Build.0 = Release|Any CPU
		{C293DB32-FA42-486D-B128-5A12522FAE4E}.Release|x64.ActiveCfg = Release|x64
		{C293DB32-FA42-486D-B128-5A12522FAE4E}.Release|x64.Build.0 = Release|x64
		{C293DB32-FA42-486D-B128-5A12522FAE4E}.Release|x86.ActiveCfg = Release|Any CPU
		{C293DB32-FA42-486D-B128-5A12522FAE4E}.Release|x86.Build.0 = Release|Any CPU
		{C293DB32-FA42-486D-B128-5A12522FAE4E}.ReleaseMinimal|Any CPU.ActiveCfg = Debug|Any CPU
		{C293DB32-FA42-486D-B128-5A12522FAE4E}.ReleaseMinimal|Any CPU.Build.0 = Debug|Any CPU
		{C293DB32-FA42-486D-B128-5A12522FAE4E}.ReleaseMinimal|x64.ActiveCfg = Release|Any CPU
		{C293DB32-FA42-486D-B128-5A12522FAE4E}.ReleaseMinimal|x64.Build.0 = Release|Any CPU
		{C293DB32-FA42-486D-B128-5A12522FAE4E}.ReleaseMinimal|x86.ActiveCfg = Release|Any CPU
		{C293DB32-FA42-486D-B128-5A12522FAE4E}.ReleaseMinimal|x86.Build.0 = Release|Any CPU
		{CBBDC35F-DCA3-453C-A9E3-29EE7E43DE85}.Debug|Any CPU.ActiveCfg = Debug|Any CPU
		{CBBDC35F-DCA3-453C-A9E3-29EE7E43DE85}.Debug|Any CPU.Build.0 = Debug|Any CPU
		{CBBDC35F-DCA3-453C-A9E3-29EE7E43DE85}.Debug|x64.ActiveCfg = Debug|Any CPU
		{CBBDC35F-DCA3-453C-A9E3-29EE7E43DE85}.Debug|x64.Build.0 = Debug|Any CPU
		{CBBDC35F-DCA3-453C-A9E3-29EE7E43DE85}.Debug|x86.ActiveCfg = Debug|Any CPU
		{CBBDC35F-DCA3-453C-A9E3-29EE7E43DE85}.Debug|x86.Build.0 = Debug|Any CPU
		{CBBDC35F-DCA3-453C-A9E3-29EE7E43DE85}.DebugMinimal|Any CPU.ActiveCfg = Debug|Any CPU
		{CBBDC35F-DCA3-453C-A9E3-29EE7E43DE85}.DebugMinimal|Any CPU.Build.0 = Debug|Any CPU
		{CBBDC35F-DCA3-453C-A9E3-29EE7E43DE85}.DebugMinimal|x64.ActiveCfg = Debug|Any CPU
		{CBBDC35F-DCA3-453C-A9E3-29EE7E43DE85}.DebugMinimal|x64.Build.0 = Debug|Any CPU
		{CBBDC35F-DCA3-453C-A9E3-29EE7E43DE85}.DebugMinimal|x86.ActiveCfg = Debug|Any CPU
		{CBBDC35F-DCA3-453C-A9E3-29EE7E43DE85}.DebugMinimal|x86.Build.0 = Debug|Any CPU
		{CBBDC35F-DCA3-453C-A9E3-29EE7E43DE85}.Debug-OSX|Any CPU.ActiveCfg = Debug|Any CPU
		{CBBDC35F-DCA3-453C-A9E3-29EE7E43DE85}.Debug-OSX|Any CPU.Build.0 = Debug|Any CPU
		{CBBDC35F-DCA3-453C-A9E3-29EE7E43DE85}.Debug-OSX|x64.ActiveCfg = Debug|Any CPU
		{CBBDC35F-DCA3-453C-A9E3-29EE7E43DE85}.Debug-OSX|x64.Build.0 = Debug|Any CPU
		{CBBDC35F-DCA3-453C-A9E3-29EE7E43DE85}.Debug-OSX|x86.ActiveCfg = Debug|Any CPU
		{CBBDC35F-DCA3-453C-A9E3-29EE7E43DE85}.Debug-OSX|x86.Build.0 = Debug|Any CPU
		{CBBDC35F-DCA3-453C-A9E3-29EE7E43DE85}.Documentation|Any CPU.ActiveCfg = Debug|Any CPU
		{CBBDC35F-DCA3-453C-A9E3-29EE7E43DE85}.Documentation|Any CPU.Build.0 = Debug|Any CPU
		{CBBDC35F-DCA3-453C-A9E3-29EE7E43DE85}.Documentation|x64.ActiveCfg = Debug|Any CPU
		{CBBDC35F-DCA3-453C-A9E3-29EE7E43DE85}.Documentation|x64.Build.0 = Debug|Any CPU
		{CBBDC35F-DCA3-453C-A9E3-29EE7E43DE85}.Documentation|x86.ActiveCfg = Debug|Any CPU
		{CBBDC35F-DCA3-453C-A9E3-29EE7E43DE85}.Documentation|x86.Build.0 = Debug|Any CPU
		{CBBDC35F-DCA3-453C-A9E3-29EE7E43DE85}.Nsis|Any CPU.ActiveCfg = Debug|Any CPU
		{CBBDC35F-DCA3-453C-A9E3-29EE7E43DE85}.Nsis|Any CPU.Build.0 = Debug|Any CPU
		{CBBDC35F-DCA3-453C-A9E3-29EE7E43DE85}.Nsis|x64.ActiveCfg = Release|Any CPU
		{CBBDC35F-DCA3-453C-A9E3-29EE7E43DE85}.Nsis|x64.Build.0 = Release|Any CPU
		{CBBDC35F-DCA3-453C-A9E3-29EE7E43DE85}.Nsis|x86.ActiveCfg = Release|Any CPU
		{CBBDC35F-DCA3-453C-A9E3-29EE7E43DE85}.Nsis|x86.Build.0 = Release|Any CPU
		{CBBDC35F-DCA3-453C-A9E3-29EE7E43DE85}.Release|Any CPU.ActiveCfg = Release|Any CPU
		{CBBDC35F-DCA3-453C-A9E3-29EE7E43DE85}.Release|Any CPU.Build.0 = Release|Any CPU
		{CBBDC35F-DCA3-453C-A9E3-29EE7E43DE85}.Release|x64.ActiveCfg = Release|x64
		{CBBDC35F-DCA3-453C-A9E3-29EE7E43DE85}.Release|x64.Build.0 = Release|x64
		{CBBDC35F-DCA3-453C-A9E3-29EE7E43DE85}.Release|x86.ActiveCfg = Release|Any CPU
		{CBBDC35F-DCA3-453C-A9E3-29EE7E43DE85}.Release|x86.Build.0 = Release|Any CPU
		{CBBDC35F-DCA3-453C-A9E3-29EE7E43DE85}.ReleaseMinimal|Any CPU.ActiveCfg = Debug|Any CPU
		{CBBDC35F-DCA3-453C-A9E3-29EE7E43DE85}.ReleaseMinimal|Any CPU.Build.0 = Debug|Any CPU
		{CBBDC35F-DCA3-453C-A9E3-29EE7E43DE85}.ReleaseMinimal|x64.ActiveCfg = Release|Any CPU
		{CBBDC35F-DCA3-453C-A9E3-29EE7E43DE85}.ReleaseMinimal|x64.Build.0 = Release|Any CPU
		{CBBDC35F-DCA3-453C-A9E3-29EE7E43DE85}.ReleaseMinimal|x86.ActiveCfg = Release|Any CPU
		{CBBDC35F-DCA3-453C-A9E3-29EE7E43DE85}.ReleaseMinimal|x86.Build.0 = Release|Any CPU
		{F89CC613-0C7A-4936-9D79-86CBBF26593E}.Debug|Any CPU.ActiveCfg = Debug|Any CPU
		{F89CC613-0C7A-4936-9D79-86CBBF26593E}.Debug|Any CPU.Build.0 = Debug|Any CPU
		{F89CC613-0C7A-4936-9D79-86CBBF26593E}.Debug|x64.ActiveCfg = Debug|Any CPU
		{F89CC613-0C7A-4936-9D79-86CBBF26593E}.Debug|x64.Build.0 = Debug|Any CPU
		{F89CC613-0C7A-4936-9D79-86CBBF26593E}.Debug|x86.ActiveCfg = Debug|Any CPU
		{F89CC613-0C7A-4936-9D79-86CBBF26593E}.Debug|x86.Build.0 = Debug|Any CPU
		{F89CC613-0C7A-4936-9D79-86CBBF26593E}.DebugMinimal|Any CPU.ActiveCfg = Debug|Any CPU
		{F89CC613-0C7A-4936-9D79-86CBBF26593E}.DebugMinimal|Any CPU.Build.0 = Debug|Any CPU
		{F89CC613-0C7A-4936-9D79-86CBBF26593E}.DebugMinimal|x64.ActiveCfg = Debug-OSX|Any CPU
		{F89CC613-0C7A-4936-9D79-86CBBF26593E}.DebugMinimal|x64.Build.0 = Debug-OSX|Any CPU
		{F89CC613-0C7A-4936-9D79-86CBBF26593E}.DebugMinimal|x86.ActiveCfg = Debug-OSX|Any CPU
		{F89CC613-0C7A-4936-9D79-86CBBF26593E}.DebugMinimal|x86.Build.0 = Debug-OSX|Any CPU
		{F89CC613-0C7A-4936-9D79-86CBBF26593E}.Debug-OSX|Any CPU.ActiveCfg = Debug|Any CPU
		{F89CC613-0C7A-4936-9D79-86CBBF26593E}.Debug-OSX|Any CPU.Build.0 = Debug|Any CPU
		{F89CC613-0C7A-4936-9D79-86CBBF26593E}.Debug-OSX|x64.ActiveCfg = Debug-OSX|Any CPU
		{F89CC613-0C7A-4936-9D79-86CBBF26593E}.Debug-OSX|x64.Build.0 = Debug-OSX|Any CPU
		{F89CC613-0C7A-4936-9D79-86CBBF26593E}.Debug-OSX|x86.ActiveCfg = Debug-OSX|Any CPU
		{F89CC613-0C7A-4936-9D79-86CBBF26593E}.Debug-OSX|x86.Build.0 = Debug-OSX|Any CPU
		{F89CC613-0C7A-4936-9D79-86CBBF26593E}.Documentation|Any CPU.ActiveCfg = Debug|Any CPU
		{F89CC613-0C7A-4936-9D79-86CBBF26593E}.Documentation|Any CPU.Build.0 = Debug|Any CPU
		{F89CC613-0C7A-4936-9D79-86CBBF26593E}.Documentation|x64.ActiveCfg = Debug-OSX|Any CPU
		{F89CC613-0C7A-4936-9D79-86CBBF26593E}.Documentation|x64.Build.0 = Debug-OSX|Any CPU
		{F89CC613-0C7A-4936-9D79-86CBBF26593E}.Documentation|x86.ActiveCfg = Debug-OSX|Any CPU
		{F89CC613-0C7A-4936-9D79-86CBBF26593E}.Documentation|x86.Build.0 = Debug-OSX|Any CPU
		{F89CC613-0C7A-4936-9D79-86CBBF26593E}.Nsis|Any CPU.ActiveCfg = Debug|Any CPU
		{F89CC613-0C7A-4936-9D79-86CBBF26593E}.Nsis|Any CPU.Build.0 = Debug|Any CPU
		{F89CC613-0C7A-4936-9D79-86CBBF26593E}.Nsis|x64.ActiveCfg = Debug-OSX|Any CPU
		{F89CC613-0C7A-4936-9D79-86CBBF26593E}.Nsis|x64.Build.0 = Debug-OSX|Any CPU
		{F89CC613-0C7A-4936-9D79-86CBBF26593E}.Nsis|x86.ActiveCfg = Debug-OSX|Any CPU
		{F89CC613-0C7A-4936-9D79-86CBBF26593E}.Nsis|x86.Build.0 = Debug-OSX|Any CPU
		{F89CC613-0C7A-4936-9D79-86CBBF26593E}.Release|Any CPU.ActiveCfg = Release|Any CPU
		{F89CC613-0C7A-4936-9D79-86CBBF26593E}.Release|Any CPU.Build.0 = Release|Any CPU
		{F89CC613-0C7A-4936-9D79-86CBBF26593E}.Release|x64.ActiveCfg = Release|x64
		{F89CC613-0C7A-4936-9D79-86CBBF26593E}.Release|x64.Build.0 = Release|x64
		{F89CC613-0C7A-4936-9D79-86CBBF26593E}.Release|x86.ActiveCfg = Release|Any CPU
		{F89CC613-0C7A-4936-9D79-86CBBF26593E}.Release|x86.Build.0 = Release|Any CPU
		{F89CC613-0C7A-4936-9D79-86CBBF26593E}.ReleaseMinimal|Any CPU.ActiveCfg = Debug|Any CPU
		{F89CC613-0C7A-4936-9D79-86CBBF26593E}.ReleaseMinimal|Any CPU.Build.0 = Debug|Any CPU
		{F89CC613-0C7A-4936-9D79-86CBBF26593E}.ReleaseMinimal|x64.ActiveCfg = Release|Any CPU
		{F89CC613-0C7A-4936-9D79-86CBBF26593E}.ReleaseMinimal|x64.Build.0 = Release|Any CPU
		{F89CC613-0C7A-4936-9D79-86CBBF26593E}.ReleaseMinimal|x86.ActiveCfg = Release|Any CPU
		{F89CC613-0C7A-4936-9D79-86CBBF26593E}.ReleaseMinimal|x86.Build.0 = Release|Any CPU
		{6967FE1C-5953-4416-889C-FF10AE1F7DD1}.Debug|Any CPU.ActiveCfg = Debug|Any CPU
		{6967FE1C-5953-4416-889C-FF10AE1F7DD1}.Debug|Any CPU.Build.0 = Debug|Any CPU
		{6967FE1C-5953-4416-889C-FF10AE1F7DD1}.Debug|x64.ActiveCfg = Debug|Any CPU
		{6967FE1C-5953-4416-889C-FF10AE1F7DD1}.Debug|x64.Build.0 = Debug|Any CPU
		{6967FE1C-5953-4416-889C-FF10AE1F7DD1}.Debug|x86.ActiveCfg = Debug|Any CPU
		{6967FE1C-5953-4416-889C-FF10AE1F7DD1}.Debug|x86.Build.0 = Debug|Any CPU
		{6967FE1C-5953-4416-889C-FF10AE1F7DD1}.DebugMinimal|Any CPU.ActiveCfg = Debug|Any CPU
		{6967FE1C-5953-4416-889C-FF10AE1F7DD1}.DebugMinimal|Any CPU.Build.0 = Debug|Any CPU
		{6967FE1C-5953-4416-889C-FF10AE1F7DD1}.DebugMinimal|x64.ActiveCfg = Debug|Any CPU
		{6967FE1C-5953-4416-889C-FF10AE1F7DD1}.DebugMinimal|x64.Build.0 = Debug|Any CPU
		{6967FE1C-5953-4416-889C-FF10AE1F7DD1}.DebugMinimal|x86.ActiveCfg = Debug|Any CPU
		{6967FE1C-5953-4416-889C-FF10AE1F7DD1}.DebugMinimal|x86.Build.0 = Debug|Any CPU
		{6967FE1C-5953-4416-889C-FF10AE1F7DD1}.Debug-OSX|Any CPU.ActiveCfg = Debug|Any CPU
		{6967FE1C-5953-4416-889C-FF10AE1F7DD1}.Debug-OSX|Any CPU.Build.0 = Debug|Any CPU
		{6967FE1C-5953-4416-889C-FF10AE1F7DD1}.Debug-OSX|x64.ActiveCfg = Debug|Any CPU
		{6967FE1C-5953-4416-889C-FF10AE1F7DD1}.Debug-OSX|x64.Build.0 = Debug|Any CPU
		{6967FE1C-5953-4416-889C-FF10AE1F7DD1}.Debug-OSX|x86.ActiveCfg = Debug|Any CPU
		{6967FE1C-5953-4416-889C-FF10AE1F7DD1}.Debug-OSX|x86.Build.0 = Debug|Any CPU
		{6967FE1C-5953-4416-889C-FF10AE1F7DD1}.Documentation|Any CPU.ActiveCfg = Debug|Any CPU
		{6967FE1C-5953-4416-889C-FF10AE1F7DD1}.Documentation|Any CPU.Build.0 = Debug|Any CPU
		{6967FE1C-5953-4416-889C-FF10AE1F7DD1}.Documentation|x64.ActiveCfg = Debug|Any CPU
		{6967FE1C-5953-4416-889C-FF10AE1F7DD1}.Documentation|x64.Build.0 = Debug|Any CPU
		{6967FE1C-5953-4416-889C-FF10AE1F7DD1}.Documentation|x86.ActiveCfg = Debug|Any CPU
		{6967FE1C-5953-4416-889C-FF10AE1F7DD1}.Documentation|x86.Build.0 = Debug|Any CPU
		{6967FE1C-5953-4416-889C-FF10AE1F7DD1}.Nsis|Any CPU.ActiveCfg = Debug|Any CPU
		{6967FE1C-5953-4416-889C-FF10AE1F7DD1}.Nsis|Any CPU.Build.0 = Debug|Any CPU
		{6967FE1C-5953-4416-889C-FF10AE1F7DD1}.Nsis|x64.ActiveCfg = Release|Any CPU
		{6967FE1C-5953-4416-889C-FF10AE1F7DD1}.Nsis|x64.Build.0 = Release|Any CPU
		{6967FE1C-5953-4416-889C-FF10AE1F7DD1}.Nsis|x86.ActiveCfg = Release|Any CPU
		{6967FE1C-5953-4416-889C-FF10AE1F7DD1}.Nsis|x86.Build.0 = Release|Any CPU
		{6967FE1C-5953-4416-889C-FF10AE1F7DD1}.Release|Any CPU.ActiveCfg = Release|Any CPU
		{6967FE1C-5953-4416-889C-FF10AE1F7DD1}.Release|Any CPU.Build.0 = Release|Any CPU
		{6967FE1C-5953-4416-889C-FF10AE1F7DD1}.Release|x64.ActiveCfg = Release|x64
		{6967FE1C-5953-4416-889C-FF10AE1F7DD1}.Release|x64.Build.0 = Release|x64
		{6967FE1C-5953-4416-889C-FF10AE1F7DD1}.Release|x86.ActiveCfg = Release|Any CPU
		{6967FE1C-5953-4416-889C-FF10AE1F7DD1}.Release|x86.Build.0 = Release|Any CPU
		{6967FE1C-5953-4416-889C-FF10AE1F7DD1}.ReleaseMinimal|Any CPU.ActiveCfg = Debug|Any CPU
		{6967FE1C-5953-4416-889C-FF10AE1F7DD1}.ReleaseMinimal|Any CPU.Build.0 = Debug|Any CPU
		{6967FE1C-5953-4416-889C-FF10AE1F7DD1}.ReleaseMinimal|x64.ActiveCfg = Release|Any CPU
		{6967FE1C-5953-4416-889C-FF10AE1F7DD1}.ReleaseMinimal|x64.Build.0 = Release|Any CPU
		{6967FE1C-5953-4416-889C-FF10AE1F7DD1}.ReleaseMinimal|x86.ActiveCfg = Release|Any CPU
		{6967FE1C-5953-4416-889C-FF10AE1F7DD1}.ReleaseMinimal|x86.Build.0 = Release|Any CPU
		{BF3B29F8-DA04-4973-93DB-144A5BBE2472}.Debug|Any CPU.ActiveCfg = Debug|Any CPU
		{BF3B29F8-DA04-4973-93DB-144A5BBE2472}.Debug|Any CPU.Build.0 = Debug|Any CPU
		{BF3B29F8-DA04-4973-93DB-144A5BBE2472}.Debug|x64.ActiveCfg = Debug|Any CPU
		{BF3B29F8-DA04-4973-93DB-144A5BBE2472}.Debug|x64.Build.0 = Debug|Any CPU
		{BF3B29F8-DA04-4973-93DB-144A5BBE2472}.Debug|x86.ActiveCfg = Debug|Any CPU
		{BF3B29F8-DA04-4973-93DB-144A5BBE2472}.Debug|x86.Build.0 = Debug|Any CPU
		{BF3B29F8-DA04-4973-93DB-144A5BBE2472}.DebugMinimal|Any CPU.ActiveCfg = Debug|Any CPU
		{BF3B29F8-DA04-4973-93DB-144A5BBE2472}.DebugMinimal|Any CPU.Build.0 = Debug|Any CPU
		{BF3B29F8-DA04-4973-93DB-144A5BBE2472}.DebugMinimal|x64.ActiveCfg = Debug|Any CPU
		{BF3B29F8-DA04-4973-93DB-144A5BBE2472}.DebugMinimal|x64.Build.0 = Debug|Any CPU
		{BF3B29F8-DA04-4973-93DB-144A5BBE2472}.DebugMinimal|x86.ActiveCfg = Debug|Any CPU
		{BF3B29F8-DA04-4973-93DB-144A5BBE2472}.DebugMinimal|x86.Build.0 = Debug|Any CPU
		{BF3B29F8-DA04-4973-93DB-144A5BBE2472}.Debug-OSX|Any CPU.ActiveCfg = Debug|Any CPU
		{BF3B29F8-DA04-4973-93DB-144A5BBE2472}.Debug-OSX|Any CPU.Build.0 = Debug|Any CPU
		{BF3B29F8-DA04-4973-93DB-144A5BBE2472}.Debug-OSX|x64.ActiveCfg = Debug|Any CPU
		{BF3B29F8-DA04-4973-93DB-144A5BBE2472}.Debug-OSX|x64.Build.0 = Debug|Any CPU
		{BF3B29F8-DA04-4973-93DB-144A5BBE2472}.Debug-OSX|x86.ActiveCfg = Debug|Any CPU
		{BF3B29F8-DA04-4973-93DB-144A5BBE2472}.Debug-OSX|x86.Build.0 = Debug|Any CPU
		{BF3B29F8-DA04-4973-93DB-144A5BBE2472}.Documentation|Any CPU.ActiveCfg = Debug|Any CPU
		{BF3B29F8-DA04-4973-93DB-144A5BBE2472}.Documentation|Any CPU.Build.0 = Debug|Any CPU
		{BF3B29F8-DA04-4973-93DB-144A5BBE2472}.Documentation|x64.ActiveCfg = Debug|Any CPU
		{BF3B29F8-DA04-4973-93DB-144A5BBE2472}.Documentation|x64.Build.0 = Debug|Any CPU
		{BF3B29F8-DA04-4973-93DB-144A5BBE2472}.Documentation|x86.ActiveCfg = Debug|Any CPU
		{BF3B29F8-DA04-4973-93DB-144A5BBE2472}.Documentation|x86.Build.0 = Debug|Any CPU
		{BF3B29F8-DA04-4973-93DB-144A5BBE2472}.Nsis|Any CPU.ActiveCfg = Debug|Any CPU
		{BF3B29F8-DA04-4973-93DB-144A5BBE2472}.Nsis|Any CPU.Build.0 = Debug|Any CPU
		{BF3B29F8-DA04-4973-93DB-144A5BBE2472}.Nsis|x64.ActiveCfg = Release|Any CPU
		{BF3B29F8-DA04-4973-93DB-144A5BBE2472}.Nsis|x64.Build.0 = Release|Any CPU
		{BF3B29F8-DA04-4973-93DB-144A5BBE2472}.Nsis|x86.ActiveCfg = Release|Any CPU
		{BF3B29F8-DA04-4973-93DB-144A5BBE2472}.Nsis|x86.Build.0 = Release|Any CPU
		{BF3B29F8-DA04-4973-93DB-144A5BBE2472}.Release|Any CPU.ActiveCfg = Release|Any CPU
		{BF3B29F8-DA04-4973-93DB-144A5BBE2472}.Release|Any CPU.Build.0 = Release|Any CPU
		{BF3B29F8-DA04-4973-93DB-144A5BBE2472}.Release|x64.ActiveCfg = Release|x64
		{BF3B29F8-DA04-4973-93DB-144A5BBE2472}.Release|x64.Build.0 = Release|x64
		{BF3B29F8-DA04-4973-93DB-144A5BBE2472}.Release|x86.ActiveCfg = Release|Any CPU
		{BF3B29F8-DA04-4973-93DB-144A5BBE2472}.Release|x86.Build.0 = Release|Any CPU
		{BF3B29F8-DA04-4973-93DB-144A5BBE2472}.ReleaseMinimal|Any CPU.ActiveCfg = Debug|Any CPU
		{BF3B29F8-DA04-4973-93DB-144A5BBE2472}.ReleaseMinimal|Any CPU.Build.0 = Debug|Any CPU
		{BF3B29F8-DA04-4973-93DB-144A5BBE2472}.ReleaseMinimal|x64.ActiveCfg = Release|Any CPU
		{BF3B29F8-DA04-4973-93DB-144A5BBE2472}.ReleaseMinimal|x64.Build.0 = Release|Any CPU
		{BF3B29F8-DA04-4973-93DB-144A5BBE2472}.ReleaseMinimal|x86.ActiveCfg = Release|Any CPU
		{BF3B29F8-DA04-4973-93DB-144A5BBE2472}.ReleaseMinimal|x86.Build.0 = Release|Any CPU
		{8DB6F9A3-E9E4-48A1-84A1-7CD16B7CC9FE}.Debug|Any CPU.ActiveCfg = Debug|Any CPU
		{8DB6F9A3-E9E4-48A1-84A1-7CD16B7CC9FE}.Debug|Any CPU.Build.0 = Debug|Any CPU
		{8DB6F9A3-E9E4-48A1-84A1-7CD16B7CC9FE}.Debug|x64.ActiveCfg = Debug|Any CPU
		{8DB6F9A3-E9E4-48A1-84A1-7CD16B7CC9FE}.Debug|x64.Build.0 = Debug|Any CPU
		{8DB6F9A3-E9E4-48A1-84A1-7CD16B7CC9FE}.Debug|x86.ActiveCfg = Debug|Any CPU
		{8DB6F9A3-E9E4-48A1-84A1-7CD16B7CC9FE}.Debug|x86.Build.0 = Debug|Any CPU
		{8DB6F9A3-E9E4-48A1-84A1-7CD16B7CC9FE}.DebugMinimal|Any CPU.ActiveCfg = Debug|Any CPU
		{8DB6F9A3-E9E4-48A1-84A1-7CD16B7CC9FE}.DebugMinimal|Any CPU.Build.0 = Debug|Any CPU
		{8DB6F9A3-E9E4-48A1-84A1-7CD16B7CC9FE}.DebugMinimal|x64.ActiveCfg = Debug|Any CPU
		{8DB6F9A3-E9E4-48A1-84A1-7CD16B7CC9FE}.DebugMinimal|x86.ActiveCfg = Debug|Any CPU
		{8DB6F9A3-E9E4-48A1-84A1-7CD16B7CC9FE}.Debug-OSX|Any CPU.ActiveCfg = Debug|Any CPU
		{8DB6F9A3-E9E4-48A1-84A1-7CD16B7CC9FE}.Debug-OSX|Any CPU.Build.0 = Debug|Any CPU
		{8DB6F9A3-E9E4-48A1-84A1-7CD16B7CC9FE}.Debug-OSX|x64.ActiveCfg = Debug|Any CPU
		{8DB6F9A3-E9E4-48A1-84A1-7CD16B7CC9FE}.Debug-OSX|x86.ActiveCfg = Debug|Any CPU
		{8DB6F9A3-E9E4-48A1-84A1-7CD16B7CC9FE}.Documentation|Any CPU.ActiveCfg = Debug|Any CPU
		{8DB6F9A3-E9E4-48A1-84A1-7CD16B7CC9FE}.Documentation|Any CPU.Build.0 = Debug|Any CPU
		{8DB6F9A3-E9E4-48A1-84A1-7CD16B7CC9FE}.Documentation|x64.ActiveCfg = Debug|Any CPU
		{8DB6F9A3-E9E4-48A1-84A1-7CD16B7CC9FE}.Documentation|x86.ActiveCfg = Debug|Any CPU
		{8DB6F9A3-E9E4-48A1-84A1-7CD16B7CC9FE}.Nsis|Any CPU.ActiveCfg = Debug|Any CPU
		{8DB6F9A3-E9E4-48A1-84A1-7CD16B7CC9FE}.Nsis|Any CPU.Build.0 = Debug|Any CPU
		{8DB6F9A3-E9E4-48A1-84A1-7CD16B7CC9FE}.Nsis|x64.ActiveCfg = Release|Any CPU
		{8DB6F9A3-E9E4-48A1-84A1-7CD16B7CC9FE}.Nsis|x86.ActiveCfg = Release|Any CPU
		{8DB6F9A3-E9E4-48A1-84A1-7CD16B7CC9FE}.Release|Any CPU.ActiveCfg = Release|Any CPU
		{8DB6F9A3-E9E4-48A1-84A1-7CD16B7CC9FE}.Release|Any CPU.Build.0 = Release|Any CPU
		{8DB6F9A3-E9E4-48A1-84A1-7CD16B7CC9FE}.Release|x64.ActiveCfg = Release|Any CPU
		{8DB6F9A3-E9E4-48A1-84A1-7CD16B7CC9FE}.Release|x64.Build.0 = Release|Any CPU
		{8DB6F9A3-E9E4-48A1-84A1-7CD16B7CC9FE}.Release|x86.ActiveCfg = Release|Any CPU
		{8DB6F9A3-E9E4-48A1-84A1-7CD16B7CC9FE}.Release|x86.Build.0 = Release|Any CPU
		{8DB6F9A3-E9E4-48A1-84A1-7CD16B7CC9FE}.ReleaseMinimal|Any CPU.ActiveCfg = Debug|Any CPU
		{8DB6F9A3-E9E4-48A1-84A1-7CD16B7CC9FE}.ReleaseMinimal|Any CPU.Build.0 = Debug|Any CPU
		{8DB6F9A3-E9E4-48A1-84A1-7CD16B7CC9FE}.ReleaseMinimal|x64.ActiveCfg = Release|Any CPU
		{8DB6F9A3-E9E4-48A1-84A1-7CD16B7CC9FE}.ReleaseMinimal|x86.ActiveCfg = Release|Any CPU
	EndGlobalSection
	GlobalSection(SolutionProperties) = preSolution
		HideSolutionNode = FALSE
	EndGlobalSection
	GlobalSection(NestedProjects) = preSolution
		{AA03EF1A-94F7-4D30-AB14-2092863FF923} = {90A9388C-60E5-4BFD-B36A-D4E2A8E64DF3}
		{C293DB32-FA42-486D-B128-5A12522FAE4E} = {90A9388C-60E5-4BFD-B36A-D4E2A8E64DF3}
		{CBBDC35F-DCA3-453C-A9E3-29EE7E43DE85} = {90A9388C-60E5-4BFD-B36A-D4E2A8E64DF3}
		{BF3B29F8-DA04-4973-93DB-144A5BBE2472} = {90A9388C-60E5-4BFD-B36A-D4E2A8E64DF3}
	EndGlobalSection
EndGlobal
